// !$*UTF8*$!
{
	archiveVersion = 1;
	classes = {
	};
	objectVersion = 56;
	objects = {

/* Begin PBXBuildFile section */
		172476392D01985800982CA6 /* WishListViewController.swift in Sources */ = {isa = PBXBuildFile; fileRef = 172476382D01985800982CA6 /* WishListViewController.swift */; };
		1724763B2D01B6F900982CA6 /* MyCourseViewController.swift in Sources */ = {isa = PBXBuildFile; fileRef = 1724763A2D01B6F900982CA6 /* MyCourseViewController.swift */; };
		1724763E2D01BCD200982CA6 /* MyCourseTableViewCell.swift in Sources */ = {isa = PBXBuildFile; fileRef = 1724763C2D01BCD200982CA6 /* MyCourseTableViewCell.swift */; };
		172476412D01BDFE00982CA6 /* MyCourseTableViewCell.xib in Resources */ = {isa = PBXBuildFile; fileRef = 172476402D01BDFE00982CA6 /* MyCourseTableViewCell.xib */; };
		172476432D01C27100982CA6 /* HomeViewController.swift in Sources */ = {isa = PBXBuildFile; fileRef = 172476422D01C27100982CA6 /* HomeViewController.swift */; };
		172476472D01C4A800982CA6 /* CourseCollectionViewCell.swift in Sources */ = {isa = PBXBuildFile; fileRef = 172476452D01C4A800982CA6 /* CourseCollectionViewCell.swift */; };
		172476482D01C4A800982CA6 /* CourseCollectionViewCell.xib in Resources */ = {isa = PBXBuildFile; fileRef = 172476462D01C4A800982CA6 /* CourseCollectionViewCell.xib */; };
		179F12F12D023DB700442CCF /* CommentTableViewCell.swift in Sources */ = {isa = PBXBuildFile; fileRef = 179F12EF2D023DB700442CCF /* CommentTableViewCell.swift */; };
		179F12F22D023DB700442CCF /* CommentTableViewCell.xib in Resources */ = {isa = PBXBuildFile; fileRef = 179F12F02D023DB700442CCF /* CommentTableViewCell.xib */; };
		179F12F42D023EFB00442CCF /* CourseDetailViewController.swift in Sources */ = {isa = PBXBuildFile; fileRef = 179F12F32D023EFB00442CCF /* CourseDetailViewController.swift */; };
		17DCE5C32D0192E200C59273 /* WishListTableViewCell.swift in Sources */ = {isa = PBXBuildFile; fileRef = 17DCE5C12D0192E200C59273 /* WishListTableViewCell.swift */; };
		17DCE5C42D0192E200C59273 /* WishListTableViewCell.xib in Resources */ = {isa = PBXBuildFile; fileRef = 17DCE5C22D0192E200C59273 /* WishListTableViewCell.xib */; };
		17FA8D1D2D00DB1100050A10 /* AppDelegate.swift in Sources */ = {isa = PBXBuildFile; fileRef = 17FA8D1C2D00DB1100050A10 /* AppDelegate.swift */; };
		17FA8D1F2D00DB1100050A10 /* SceneDelegate.swift in Sources */ = {isa = PBXBuildFile; fileRef = 17FA8D1E2D00DB1100050A10 /* SceneDelegate.swift */; };
		17FA8D212D00DB1100050A10 /* ViewController.swift in Sources */ = {isa = PBXBuildFile; fileRef = 17FA8D202D00DB1100050A10 /* ViewController.swift */; };
		17FA8D242D00DB1100050A10 /* Main.storyboard in Resources */ = {isa = PBXBuildFile; fileRef = 17FA8D222D00DB1100050A10 /* Main.storyboard */; };
		17FA8D262D00DB1200050A10 /* Assets.xcassets in Resources */ = {isa = PBXBuildFile; fileRef = 17FA8D252D00DB1200050A10 /* Assets.xcassets */; };
		17FA8D292D00DB1200050A10 /* LaunchScreen.storyboard in Resources */ = {isa = PBXBuildFile; fileRef = 17FA8D272D00DB1200050A10 /* LaunchScreen.storyboard */; };
		17FA8D342D00DB1300050A10 /* Learn_ConnectTests.swift in Sources */ = {isa = PBXBuildFile; fileRef = 17FA8D332D00DB1300050A10 /* Learn_ConnectTests.swift */; };
		17FA8D3E2D00DB1300050A10 /* Learn_ConnectUITests.swift in Sources */ = {isa = PBXBuildFile; fileRef = 17FA8D3D2D00DB1300050A10 /* Learn_ConnectUITests.swift */; };
		17FA8D402D00DB1300050A10 /* Learn_ConnectUITestsLaunchTests.swift in Sources */ = {isa = PBXBuildFile; fileRef = 17FA8D3F2D00DB1300050A10 /* Learn_ConnectUITestsLaunchTests.swift */; };
		17FA8D4D2D00DBEB00050A10 /* BaseViewController.swift in Sources */ = {isa = PBXBuildFile; fileRef = 17FA8D4C2D00DBEB00050A10 /* BaseViewController.swift */; };
/* End PBXBuildFile section */

/* Begin PBXContainerItemProxy section */
		17FA8D302D00DB1300050A10 /* PBXContainerItemProxy */ = {
			isa = PBXContainerItemProxy;
			containerPortal = 17FA8D112D00DB1100050A10 /* Project object */;
			proxyType = 1;
			remoteGlobalIDString = 17FA8D182D00DB1100050A10;
			remoteInfo = "Learn Connect";
		};
		17FA8D3A2D00DB1300050A10 /* PBXContainerItemProxy */ = {
			isa = PBXContainerItemProxy;
			containerPortal = 17FA8D112D00DB1100050A10 /* Project object */;
			proxyType = 1;
			remoteGlobalIDString = 17FA8D182D00DB1100050A10;
			remoteInfo = "Learn Connect";
		};
/* End PBXContainerItemProxy section */

/* Begin PBXFileReference section */
		172476382D01985800982CA6 /* WishListViewController.swift */ = {isa = PBXFileReference; lastKnownFileType = sourcecode.swift; path = WishListViewController.swift; sourceTree = "<group>"; };
		1724763A2D01B6F900982CA6 /* MyCourseViewController.swift */ = {isa = PBXFileReference; lastKnownFileType = sourcecode.swift; path = MyCourseViewController.swift; sourceTree = "<group>"; };
		1724763C2D01BCD200982CA6 /* MyCourseTableViewCell.swift */ = {isa = PBXFileReference; lastKnownFileType = sourcecode.swift; path = MyCourseTableViewCell.swift; sourceTree = "<group>"; };
		172476402D01BDFE00982CA6 /* MyCourseTableViewCell.xib */ = {isa = PBXFileReference; fileEncoding = 4; lastKnownFileType = file.xib; path = MyCourseTableViewCell.xib; sourceTree = "<group>"; };
		172476422D01C27100982CA6 /* HomeViewController.swift */ = {isa = PBXFileReference; lastKnownFileType = sourcecode.swift; path = HomeViewController.swift; sourceTree = "<group>"; };
		172476452D01C4A800982CA6 /* CourseCollectionViewCell.swift */ = {isa = PBXFileReference; lastKnownFileType = sourcecode.swift; path = CourseCollectionViewCell.swift; sourceTree = "<group>"; };
		172476462D01C4A800982CA6 /* CourseCollectionViewCell.xib */ = {isa = PBXFileReference; lastKnownFileType = file.xib; path = CourseCollectionViewCell.xib; sourceTree = "<group>"; };
		179F12EF2D023DB700442CCF /* CommentTableViewCell.swift */ = {isa = PBXFileReference; lastKnownFileType = sourcecode.swift; path = CommentTableViewCell.swift; sourceTree = "<group>"; };
		179F12F02D023DB700442CCF /* CommentTableViewCell.xib */ = {isa = PBXFileReference; lastKnownFileType = file.xib; path = CommentTableViewCell.xib; sourceTree = "<group>"; };
		179F12F32D023EFB00442CCF /* CourseDetailViewController.swift */ = {isa = PBXFileReference; lastKnownFileType = sourcecode.swift; path = CourseDetailViewController.swift; sourceTree = "<group>"; };
		17DCE5C12D0192E200C59273 /* WishListTableViewCell.swift */ = {isa = PBXFileReference; lastKnownFileType = sourcecode.swift; path = WishListTableViewCell.swift; sourceTree = "<group>"; };
		17DCE5C22D0192E200C59273 /* WishListTableViewCell.xib */ = {isa = PBXFileReference; lastKnownFileType = file.xib; path = WishListTableViewCell.xib; sourceTree = "<group>"; };
		17FA8D192D00DB1100050A10 /* Learn Connect.app */ = {isa = PBXFileReference; explicitFileType = wrapper.application; includeInIndex = 0; path = "Learn Connect.app"; sourceTree = BUILT_PRODUCTS_DIR; };
		17FA8D1C2D00DB1100050A10 /* AppDelegate.swift */ = {isa = PBXFileReference; lastKnownFileType = sourcecode.swift; path = AppDelegate.swift; sourceTree = "<group>"; };
		17FA8D1E2D00DB1100050A10 /* SceneDelegate.swift */ = {isa = PBXFileReference; lastKnownFileType = sourcecode.swift; path = SceneDelegate.swift; sourceTree = "<group>"; };
		17FA8D202D00DB1100050A10 /* ViewController.swift */ = {isa = PBXFileReference; lastKnownFileType = sourcecode.swift; path = ViewController.swift; sourceTree = "<group>"; };
		17FA8D232D00DB1100050A10 /* Base */ = {isa = PBXFileReference; lastKnownFileType = file.storyboard; name = Base; path = Base.lproj/Main.storyboard; sourceTree = "<group>"; };
		17FA8D252D00DB1200050A10 /* Assets.xcassets */ = {isa = PBXFileReference; lastKnownFileType = folder.assetcatalog; path = Assets.xcassets; sourceTree = "<group>"; };
		17FA8D282D00DB1200050A10 /* Base */ = {isa = PBXFileReference; lastKnownFileType = file.storyboard; name = Base; path = Base.lproj/LaunchScreen.storyboard; sourceTree = "<group>"; };
		17FA8D2A2D00DB1200050A10 /* Info.plist */ = {isa = PBXFileReference; lastKnownFileType = text.plist.xml; path = Info.plist; sourceTree = "<group>"; };
		17FA8D2F2D00DB1300050A10 /* Learn ConnectTests.xctest */ = {isa = PBXFileReference; explicitFileType = wrapper.cfbundle; includeInIndex = 0; path = "Learn ConnectTests.xctest"; sourceTree = BUILT_PRODUCTS_DIR; };
		17FA8D332D00DB1300050A10 /* Learn_ConnectTests.swift */ = {isa = PBXFileReference; lastKnownFileType = sourcecode.swift; path = Learn_ConnectTests.swift; sourceTree = "<group>"; };
		17FA8D392D00DB1300050A10 /* Learn ConnectUITests.xctest */ = {isa = PBXFileReference; explicitFileType = wrapper.cfbundle; includeInIndex = 0; path = "Learn ConnectUITests.xctest"; sourceTree = BUILT_PRODUCTS_DIR; };
		17FA8D3D2D00DB1300050A10 /* Learn_ConnectUITests.swift */ = {isa = PBXFileReference; lastKnownFileType = sourcecode.swift; path = Learn_ConnectUITests.swift; sourceTree = "<group>"; };
		17FA8D3F2D00DB1300050A10 /* Learn_ConnectUITestsLaunchTests.swift */ = {isa = PBXFileReference; lastKnownFileType = sourcecode.swift; path = Learn_ConnectUITestsLaunchTests.swift; sourceTree = "<group>"; };
		17FA8D4C2D00DBEB00050A10 /* BaseViewController.swift */ = {isa = PBXFileReference; lastKnownFileType = sourcecode.swift; path = BaseViewController.swift; sourceTree = "<group>"; };
/* End PBXFileReference section */

/* Begin PBXFrameworksBuildPhase section */
		17FA8D162D00DB1100050A10 /* Frameworks */ = {
			isa = PBXFrameworksBuildPhase;
			buildActionMask = 2147483647;
			files = (
			);
			runOnlyForDeploymentPostprocessing = 0;
		};
		17FA8D2C2D00DB1300050A10 /* Frameworks */ = {
			isa = PBXFrameworksBuildPhase;
			buildActionMask = 2147483647;
			files = (
			);
			runOnlyForDeploymentPostprocessing = 0;
		};
		17FA8D362D00DB1300050A10 /* Frameworks */ = {
			isa = PBXFrameworksBuildPhase;
			buildActionMask = 2147483647;
			files = (
			);
			runOnlyForDeploymentPostprocessing = 0;
		};
/* End PBXFrameworksBuildPhase section */

/* Begin PBXGroup section */
		172476442D01C47700982CA6 /* CollectionViewCell */ = {
			isa = PBXGroup;
			children = (
				172476452D01C4A800982CA6 /* CourseCollectionViewCell.swift */,
				172476462D01C4A800982CA6 /* CourseCollectionViewCell.xib */,
			);
			path = CollectionViewCell;
			sourceTree = "<group>";
		};
		17DCE5C02D0192B900C59273 /* TableViewCell */ = {
			isa = PBXGroup;
			children = (
				17DCE5C12D0192E200C59273 /* WishListTableViewCell.swift */,
				17DCE5C22D0192E200C59273 /* WishListTableViewCell.xib */,
				172476402D01BDFE00982CA6 /* MyCourseTableViewCell.xib */,
				1724763C2D01BCD200982CA6 /* MyCourseTableViewCell.swift */,
				179F12EF2D023DB700442CCF /* CommentTableViewCell.swift */,
				179F12F02D023DB700442CCF /* CommentTableViewCell.xib */,
			);
			path = TableViewCell;
			sourceTree = "<group>";
		};
		17FA8D102D00DB1100050A10 = {
			isa = PBXGroup;
			children = (
				17FA8D1B2D00DB1100050A10 /* Learn Connect */,
				17FA8D322D00DB1300050A10 /* Learn ConnectTests */,
				17FA8D3C2D00DB1300050A10 /* Learn ConnectUITests */,
				17FA8D1A2D00DB1100050A10 /* Products */,
			);
			sourceTree = "<group>";
		};
		17FA8D1A2D00DB1100050A10 /* Products */ = {
			isa = PBXGroup;
			children = (
				17FA8D192D00DB1100050A10 /* Learn Connect.app */,
				17FA8D2F2D00DB1300050A10 /* Learn ConnectTests.xctest */,
				17FA8D392D00DB1300050A10 /* Learn ConnectUITests.xctest */,
			);
			name = Products;
			sourceTree = "<group>";
		};
		17FA8D1B2D00DB1100050A10 /* Learn Connect */ = {
			isa = PBXGroup;
			children = (
				172476442D01C47700982CA6 /* CollectionViewCell */,
				17DCE5C02D0192B900C59273 /* TableViewCell */,
				17FA8D1C2D00DB1100050A10 /* AppDelegate.swift */,
				17FA8D1E2D00DB1100050A10 /* SceneDelegate.swift */,
				17FA8D202D00DB1100050A10 /* ViewController.swift */,
				17FA8D222D00DB1100050A10 /* Main.storyboard */,
				17FA8D252D00DB1200050A10 /* Assets.xcassets */,
				17FA8D272D00DB1200050A10 /* LaunchScreen.storyboard */,
				17FA8D2A2D00DB1200050A10 /* Info.plist */,
				17FA8D4C2D00DBEB00050A10 /* BaseViewController.swift */,
				172476382D01985800982CA6 /* WishListViewController.swift */,
				1724763A2D01B6F900982CA6 /* MyCourseViewController.swift */,
				172476422D01C27100982CA6 /* HomeViewController.swift */,
				179F12F32D023EFB00442CCF /* CourseDetailViewController.swift */,
			);
			path = "Learn Connect";
			sourceTree = "<group>";
		};
		17FA8D322D00DB1300050A10 /* Learn ConnectTests */ = {
			isa = PBXGroup;
			children = (
				17FA8D332D00DB1300050A10 /* Learn_ConnectTests.swift */,
			);
			path = "Learn ConnectTests";
			sourceTree = "<group>";
		};
		17FA8D3C2D00DB1300050A10 /* Learn ConnectUITests */ = {
			isa = PBXGroup;
			children = (
				17FA8D3D2D00DB1300050A10 /* Learn_ConnectUITests.swift */,
				17FA8D3F2D00DB1300050A10 /* Learn_ConnectUITestsLaunchTests.swift */,
			);
			path = "Learn ConnectUITests";
			sourceTree = "<group>";
		};
/* End PBXGroup section */

/* Begin PBXNativeTarget section */
		17FA8D182D00DB1100050A10 /* Learn Connect */ = {
			isa = PBXNativeTarget;
			buildConfigurationList = 17FA8D432D00DB1300050A10 /* Build configuration list for PBXNativeTarget "Learn Connect" */;
			buildPhases = (
				17FA8D152D00DB1100050A10 /* Sources */,
				17FA8D162D00DB1100050A10 /* Frameworks */,
				17FA8D172D00DB1100050A10 /* Resources */,
			);
			buildRules = (
			);
			dependencies = (
			);
			name = "Learn Connect";
			productName = "Learn Connect";
			productReference = 17FA8D192D00DB1100050A10 /* Learn Connect.app */;
			productType = "com.apple.product-type.application";
		};
		17FA8D2E2D00DB1300050A10 /* Learn ConnectTests */ = {
			isa = PBXNativeTarget;
			buildConfigurationList = 17FA8D462D00DB1300050A10 /* Build configuration list for PBXNativeTarget "Learn ConnectTests" */;
			buildPhases = (
				17FA8D2B2D00DB1300050A10 /* Sources */,
				17FA8D2C2D00DB1300050A10 /* Frameworks */,
				17FA8D2D2D00DB1300050A10 /* Resources */,
			);
			buildRules = (
			);
			dependencies = (
				17FA8D312D00DB1300050A10 /* PBXTargetDependency */,
			);
			name = "Learn ConnectTests";
			productName = "Learn ConnectTests";
			productReference = 17FA8D2F2D00DB1300050A10 /* Learn ConnectTests.xctest */;
			productType = "com.apple.product-type.bundle.unit-test";
		};
		17FA8D382D00DB1300050A10 /* Learn ConnectUITests */ = {
			isa = PBXNativeTarget;
			buildConfigurationList = 17FA8D492D00DB1300050A10 /* Build configuration list for PBXNativeTarget "Learn ConnectUITests" */;
			buildPhases = (
				17FA8D352D00DB1300050A10 /* Sources */,
				17FA8D362D00DB1300050A10 /* Frameworks */,
				17FA8D372D00DB1300050A10 /* Resources */,
			);
			buildRules = (
			);
			dependencies = (
				17FA8D3B2D00DB1300050A10 /* PBXTargetDependency */,
			);
			name = "Learn ConnectUITests";
			productName = "Learn ConnectUITests";
			productReference = 17FA8D392D00DB1300050A10 /* Learn ConnectUITests.xctest */;
			productType = "com.apple.product-type.bundle.ui-testing";
		};
/* End PBXNativeTarget section */

/* Begin PBXProject section */
		17FA8D112D00DB1100050A10 /* Project object */ = {
			isa = PBXProject;
			attributes = {
				BuildIndependentTargetsInParallel = 1;
				LastSwiftUpdateCheck = 1510;
				LastUpgradeCheck = 1510;
				TargetAttributes = {
					17FA8D182D00DB1100050A10 = {
						CreatedOnToolsVersion = 15.1;
					};
					17FA8D2E2D00DB1300050A10 = {
						CreatedOnToolsVersion = 15.1;
						TestTargetID = 17FA8D182D00DB1100050A10;
					};
					17FA8D382D00DB1300050A10 = {
						CreatedOnToolsVersion = 15.1;
						TestTargetID = 17FA8D182D00DB1100050A10;
					};
				};
			};
			buildConfigurationList = 17FA8D142D00DB1100050A10 /* Build configuration list for PBXProject "Learn Connect" */;
			compatibilityVersion = "Xcode 14.0";
			developmentRegion = en;
			hasScannedForEncodings = 0;
			knownRegions = (
				en,
				Base,
			);
			mainGroup = 17FA8D102D00DB1100050A10;
			productRefGroup = 17FA8D1A2D00DB1100050A10 /* Products */;
			projectDirPath = "";
			projectRoot = "";
			targets = (
				17FA8D182D00DB1100050A10 /* Learn Connect */,
				17FA8D2E2D00DB1300050A10 /* Learn ConnectTests */,
				17FA8D382D00DB1300050A10 /* Learn ConnectUITests */,
			);
		};
/* End PBXProject section */

/* Begin PBXResourcesBuildPhase section */
		17FA8D172D00DB1100050A10 /* Resources */ = {
			isa = PBXResourcesBuildPhase;
			buildActionMask = 2147483647;
			files = (
				17DCE5C42D0192E200C59273 /* WishListTableViewCell.xib in Resources */,
				17FA8D292D00DB1200050A10 /* LaunchScreen.storyboard in Resources */,
				17FA8D262D00DB1200050A10 /* Assets.xcassets in Resources */,
				172476412D01BDFE00982CA6 /* MyCourseTableViewCell.xib in Resources */,
				179F12F22D023DB700442CCF /* CommentTableViewCell.xib in Resources */,
				17FA8D242D00DB1100050A10 /* Main.storyboard in Resources */,
				172476482D01C4A800982CA6 /* CourseCollectionViewCell.xib in Resources */,
			);
			runOnlyForDeploymentPostprocessing = 0;
		};
		17FA8D2D2D00DB1300050A10 /* Resources */ = {
			isa = PBXResourcesBuildPhase;
			buildActionMask = 2147483647;
			files = (
			);
			runOnlyForDeploymentPostprocessing = 0;
		};
		17FA8D372D00DB1300050A10 /* Resources */ = {
			isa = PBXResourcesBuildPhase;
			buildActionMask = 2147483647;
			files = (
			);
			runOnlyForDeploymentPostprocessing = 0;
		};
/* End PBXResourcesBuildPhase section */

/* Begin PBXSourcesBuildPhase section */
		17FA8D152D00DB1100050A10 /* Sources */ = {
			isa = PBXSourcesBuildPhase;
			buildActionMask = 2147483647;
			files = (
				179F12F12D023DB700442CCF /* CommentTableViewCell.swift in Sources */,
				1724763E2D01BCD200982CA6 /* MyCourseTableViewCell.swift in Sources */,
				17FA8D212D00DB1100050A10 /* ViewController.swift in Sources */,
				172476392D01985800982CA6 /* WishListViewController.swift in Sources */,
				179F12F42D023EFB00442CCF /* CourseDetailViewController.swift in Sources */,
				172476472D01C4A800982CA6 /* CourseCollectionViewCell.swift in Sources */,
				17FA8D4D2D00DBEB00050A10 /* BaseViewController.swift in Sources */,
				17DCE5C32D0192E200C59273 /* WishListTableViewCell.swift in Sources */,
				172476432D01C27100982CA6 /* HomeViewController.swift in Sources */,
				17FA8D1D2D00DB1100050A10 /* AppDelegate.swift in Sources */,
				17FA8D1F2D00DB1100050A10 /* SceneDelegate.swift in Sources */,
				1724763B2D01B6F900982CA6 /* MyCourseViewController.swift in Sources */,
			);
			runOnlyForDeploymentPostprocessing = 0;
		};
		17FA8D2B2D00DB1300050A10 /* Sources */ = {
			isa = PBXSourcesBuildPhase;
			buildActionMask = 2147483647;
			files = (
				17FA8D342D00DB1300050A10 /* Learn_ConnectTests.swift in Sources */,
			);
			runOnlyForDeploymentPostprocessing = 0;
		};
		17FA8D352D00DB1300050A10 /* Sources */ = {
			isa = PBXSourcesBuildPhase;
			buildActionMask = 2147483647;
			files = (
				17FA8D402D00DB1300050A10 /* Learn_ConnectUITestsLaunchTests.swift in Sources */,
				17FA8D3E2D00DB1300050A10 /* Learn_ConnectUITests.swift in Sources */,
			);
			runOnlyForDeploymentPostprocessing = 0;
		};
/* End PBXSourcesBuildPhase section */

/* Begin PBXTargetDependency section */
		17FA8D312D00DB1300050A10 /* PBXTargetDependency */ = {
			isa = PBXTargetDependency;
			target = 17FA8D182D00DB1100050A10 /* Learn Connect */;
			targetProxy = 17FA8D302D00DB1300050A10 /* PBXContainerItemProxy */;
		};
		17FA8D3B2D00DB1300050A10 /* PBXTargetDependency */ = {
			isa = PBXTargetDependency;
			target = 17FA8D182D00DB1100050A10 /* Learn Connect */;
			targetProxy = 17FA8D3A2D00DB1300050A10 /* PBXContainerItemProxy */;
		};
/* End PBXTargetDependency section */

/* Begin PBXVariantGroup section */
		17FA8D222D00DB1100050A10 /* Main.storyboard */ = {
			isa = PBXVariantGroup;
			children = (
				17FA8D232D00DB1100050A10 /* Base */,
			);
			name = Main.storyboard;
			sourceTree = "<group>";
		};
		17FA8D272D00DB1200050A10 /* LaunchScreen.storyboard */ = {
			isa = PBXVariantGroup;
			children = (
				17FA8D282D00DB1200050A10 /* Base */,
			);
			name = LaunchScreen.storyboard;
			sourceTree = "<group>";
		};
/* End PBXVariantGroup section */

/* Begin XCBuildConfiguration section */
		17FA8D412D00DB1300050A10 /* Debug */ = {
			isa = XCBuildConfiguration;
			buildSettings = {
				ALWAYS_SEARCH_USER_PATHS = NO;
				ASSETCATALOG_COMPILER_GENERATE_SWIFT_ASSET_SYMBOL_EXTENSIONS = YES;
				CLANG_ANALYZER_NONNULL = YES;
				CLANG_ANALYZER_NUMBER_OBJECT_CONVERSION = YES_AGGRESSIVE;
				CLANG_CXX_LANGUAGE_STANDARD = "gnu++20";
				CLANG_ENABLE_MODULES = YES;
				CLANG_ENABLE_OBJC_ARC = YES;
				CLANG_ENABLE_OBJC_WEAK = YES;
				CLANG_WARN_BLOCK_CAPTURE_AUTORELEASING = YES;
				CLANG_WARN_BOOL_CONVERSION = YES;
				CLANG_WARN_COMMA = YES;
				CLANG_WARN_CONSTANT_CONVERSION = YES;
				CLANG_WARN_DEPRECATED_OBJC_IMPLEMENTATIONS = YES;
				CLANG_WARN_DIRECT_OBJC_ISA_USAGE = YES_ERROR;
				CLANG_WARN_DOCUMENTATION_COMMENTS = YES;
				CLANG_WARN_EMPTY_BODY = YES;
				CLANG_WARN_ENUM_CONVERSION = YES;
				CLANG_WARN_INFINITE_RECURSION = YES;
				CLANG_WARN_INT_CONVERSION = YES;
				CLANG_WARN_NON_LITERAL_NULL_CONVERSION = YES;
				CLANG_WARN_OBJC_IMPLICIT_RETAIN_SELF = YES;
				CLANG_WARN_OBJC_LITERAL_CONVERSION = YES;
				CLANG_WARN_OBJC_ROOT_CLASS = YES_ERROR;
				CLANG_WARN_QUOTED_INCLUDE_IN_FRAMEWORK_HEADER = YES;
				CLANG_WARN_RANGE_LOOP_ANALYSIS = YES;
				CLANG_WARN_STRICT_PROTOTYPES = YES;
				CLANG_WARN_SUSPICIOUS_MOVE = YES;
				CLANG_WARN_UNGUARDED_AVAILABILITY = YES_AGGRESSIVE;
				CLANG_WARN_UNREACHABLE_CODE = YES;
				CLANG_WARN__DUPLICATE_METHOD_MATCH = YES;
				COPY_PHASE_STRIP = NO;
				DEBUG_INFORMATION_FORMAT = dwarf;
				ENABLE_STRICT_OBJC_MSGSEND = YES;
				ENABLE_TESTABILITY = YES;
				ENABLE_USER_SCRIPT_SANDBOXING = YES;
				GCC_C_LANGUAGE_STANDARD = gnu17;
				GCC_DYNAMIC_NO_PIC = NO;
				GCC_NO_COMMON_BLOCKS = YES;
				GCC_OPTIMIZATION_LEVEL = 0;
				GCC_PREPROCESSOR_DEFINITIONS = (
					"DEBUG=1",
					"$(inherited)",
				);
				GCC_WARN_64_TO_32_BIT_CONVERSION = YES;
				GCC_WARN_ABOUT_RETURN_TYPE = YES_ERROR;
				GCC_WARN_UNDECLARED_SELECTOR = YES;
				GCC_WARN_UNINITIALIZED_AUTOS = YES_AGGRESSIVE;
				GCC_WARN_UNUSED_FUNCTION = YES;
				GCC_WARN_UNUSED_VARIABLE = YES;
				IPHONEOS_DEPLOYMENT_TARGET = 17.2;
				LOCALIZATION_PREFERS_STRING_CATALOGS = YES;
				MTL_ENABLE_DEBUG_INFO = INCLUDE_SOURCE;
				MTL_FAST_MATH = YES;
				ONLY_ACTIVE_ARCH = YES;
				SDKROOT = iphoneos;
				SWIFT_ACTIVE_COMPILATION_CONDITIONS = "DEBUG $(inherited)";
				SWIFT_OPTIMIZATION_LEVEL = "-Onone";
			};
			name = Debug;
		};
		17FA8D422D00DB1300050A10 /* Release */ = {
			isa = XCBuildConfiguration;
			buildSettings = {
				ALWAYS_SEARCH_USER_PATHS = NO;
				ASSETCATALOG_COMPILER_GENERATE_SWIFT_ASSET_SYMBOL_EXTENSIONS = YES;
				CLANG_ANALYZER_NONNULL = YES;
				CLANG_ANALYZER_NUMBER_OBJECT_CONVERSION = YES_AGGRESSIVE;
				CLANG_CXX_LANGUAGE_STANDARD = "gnu++20";
				CLANG_ENABLE_MODULES = YES;
				CLANG_ENABLE_OBJC_ARC = YES;
				CLANG_ENABLE_OBJC_WEAK = YES;
				CLANG_WARN_BLOCK_CAPTURE_AUTORELEASING = YES;
				CLANG_WARN_BOOL_CONVERSION = YES;
				CLANG_WARN_COMMA = YES;
				CLANG_WARN_CONSTANT_CONVERSION = YES;
				CLANG_WARN_DEPRECATED_OBJC_IMPLEMENTATIONS = YES;
				CLANG_WARN_DIRECT_OBJC_ISA_USAGE = YES_ERROR;
				CLANG_WARN_DOCUMENTATION_COMMENTS = YES;
				CLANG_WARN_EMPTY_BODY = YES;
				CLANG_WARN_ENUM_CONVERSION = YES;
				CLANG_WARN_INFINITE_RECURSION = YES;
				CLANG_WARN_INT_CONVERSION = YES;
				CLANG_WARN_NON_LITERAL_NULL_CONVERSION = YES;
				CLANG_WARN_OBJC_IMPLICIT_RETAIN_SELF = YES;
				CLANG_WARN_OBJC_LITERAL_CONVERSION = YES;
				CLANG_WARN_OBJC_ROOT_CLASS = YES_ERROR;
				CLANG_WARN_QUOTED_INCLUDE_IN_FRAMEWORK_HEADER = YES;
				CLANG_WARN_RANGE_LOOP_ANALYSIS = YES;
				CLANG_WARN_STRICT_PROTOTYPES = YES;
				CLANG_WARN_SUSPICIOUS_MOVE = YES;
				CLANG_WARN_UNGUARDED_AVAILABILITY = YES_AGGRESSIVE;
				CLANG_WARN_UNREACHABLE_CODE = YES;
				CLANG_WARN__DUPLICATE_METHOD_MATCH = YES;
				COPY_PHASE_STRIP = NO;
				DEBUG_INFORMATION_FORMAT = "dwarf-with-dsym";
				ENABLE_NS_ASSERTIONS = NO;
				ENABLE_STRICT_OBJC_MSGSEND = YES;
				ENABLE_USER_SCRIPT_SANDBOXING = YES;
				GCC_C_LANGUAGE_STANDARD = gnu17;
				GCC_NO_COMMON_BLOCKS = YES;
				GCC_WARN_64_TO_32_BIT_CONVERSION = YES;
				GCC_WARN_ABOUT_RETURN_TYPE = YES_ERROR;
				GCC_WARN_UNDECLARED_SELECTOR = YES;
				GCC_WARN_UNINITIALIZED_AUTOS = YES_AGGRESSIVE;
				GCC_WARN_UNUSED_FUNCTION = YES;
				GCC_WARN_UNUSED_VARIABLE = YES;
				IPHONEOS_DEPLOYMENT_TARGET = 17.2;
				LOCALIZATION_PREFERS_STRING_CATALOGS = YES;
				MTL_ENABLE_DEBUG_INFO = NO;
				MTL_FAST_MATH = YES;
				SDKROOT = iphoneos;
				SWIFT_COMPILATION_MODE = wholemodule;
				VALIDATE_PRODUCT = YES;
			};
			name = Release;
		};
		17FA8D442D00DB1300050A10 /* Debug */ = {
			isa = XCBuildConfiguration;
			buildSettings = {
				ASSETCATALOG_COMPILER_APPICON_NAME = AppIcon;
				ASSETCATALOG_COMPILER_GLOBAL_ACCENT_COLOR_NAME = AccentColor;
				CODE_SIGN_STYLE = Automatic;
				CURRENT_PROJECT_VERSION = 1;
				DEVELOPMENT_TEAM = DHW3U468H5;
				GENERATE_INFOPLIST_FILE = YES;
				INFOPLIST_FILE = "Learn Connect/Info.plist";
				INFOPLIST_KEY_UIApplicationSupportsIndirectInputEvents = YES;
				INFOPLIST_KEY_UILaunchStoryboardName = LaunchScreen;
				INFOPLIST_KEY_UIMainStoryboardFile = Main;
				INFOPLIST_KEY_UISupportedInterfaceOrientations = "UIInterfaceOrientationLandscapeLeft UIInterfaceOrientationLandscapeRight UIInterfaceOrientationPortrait";
				INFOPLIST_KEY_UISupportedInterfaceOrientations_iPad = "UIInterfaceOrientationLandscapeLeft UIInterfaceOrientationLandscapeRight UIInterfaceOrientationPortrait UIInterfaceOrientationPortraitUpsideDown";
				IPHONEOS_DEPLOYMENT_TARGET = 15.0;
				LD_RUNPATH_SEARCH_PATHS = (
					"$(inherited)",
					"@executable_path/Frameworks",
				);
				MARKETING_VERSION = 1.0;
				PRODUCT_BUNDLE_IDENTIFIER = "sariomer.Learn-Connect";
				PRODUCT_NAME = "$(TARGET_NAME)";
				SUPPORTED_PLATFORMS = "iphoneos iphonesimulator";
				SUPPORTS_MACCATALYST = NO;
				SWIFT_EMIT_LOC_STRINGS = YES;
				SWIFT_VERSION = 5.0;
				TARGETED_DEVICE_FAMILY = 1;
			};
			name = Debug;
		};
		17FA8D452D00DB1300050A10 /* Release */ = {
			isa = XCBuildConfiguration;
			buildSettings = {
				ASSETCATALOG_COMPILER_APPICON_NAME = AppIcon;
				ASSETCATALOG_COMPILER_GLOBAL_ACCENT_COLOR_NAME = AccentColor;
				CODE_SIGN_STYLE = Automatic;
				CURRENT_PROJECT_VERSION = 1;
				DEVELOPMENT_TEAM = DHW3U468H5;
				GENERATE_INFOPLIST_FILE = YES;
				INFOPLIST_FILE = "Learn Connect/Info.plist";
				INFOPLIST_KEY_UIApplicationSupportsIndirectInputEvents = YES;
				INFOPLIST_KEY_UILaunchStoryboardName = LaunchScreen;
				INFOPLIST_KEY_UIMainStoryboardFile = Main;
				INFOPLIST_KEY_UISupportedInterfaceOrientations = "UIInterfaceOrientationLandscapeLeft UIInterfaceOrientationLandscapeRight UIInterfaceOrientationPortrait";
				INFOPLIST_KEY_UISupportedInterfaceOrientations_iPad = "UIInterfaceOrientationLandscapeLeft UIInterfaceOrientationLandscapeRight UIInterfaceOrientationPortrait UIInterfaceOrientationPortraitUpsideDown";
				IPHONEOS_DEPLOYMENT_TARGET = 15.0;
				LD_RUNPATH_SEARCH_PATHS = (
					"$(inherited)",
					"@executable_path/Frameworks",
				);
				MARKETING_VERSION = 1.0;
				PRODUCT_BUNDLE_IDENTIFIER = "sariomer.Learn-Connect";
				PRODUCT_NAME = "$(TARGET_NAME)";
				SUPPORTED_PLATFORMS = "iphoneos iphonesimulator";
				SUPPORTS_MACCATALYST = NO;
				SWIFT_EMIT_LOC_STRINGS = YES;
				SWIFT_VERSION = 5.0;
				TARGETED_DEVICE_FAMILY = 1;
			};
			name = Release;
		};
		17FA8D472D00DB1300050A10 /* Debug */ = {
			isa = XCBuildConfiguration;
			buildSettings = {
				ALWAYS_EMBED_SWIFT_STANDARD_LIBRARIES = YES;
				BUNDLE_LOADER = "$(TEST_HOST)";
				CODE_SIGN_STYLE = Automatic;
				CURRENT_PROJECT_VERSION = 1;
				DEVELOPMENT_TEAM = DHW3U468H5;
				GENERATE_INFOPLIST_FILE = YES;
				IPHONEOS_DEPLOYMENT_TARGET = 17.2;
				MARKETING_VERSION = 1.0;
				PRODUCT_BUNDLE_IDENTIFIER = "sariomer.Learn-ConnectTests";
				PRODUCT_NAME = "$(TARGET_NAME)";
				SWIFT_EMIT_LOC_STRINGS = NO;
				SWIFT_VERSION = 5.0;
				TARGETED_DEVICE_FAMILY = "1,2";
				TEST_HOST = "$(BUILT_PRODUCTS_DIR)/Learn Connect.app/$(BUNDLE_EXECUTABLE_FOLDER_PATH)/Learn Connect";
			};
			name = Debug;
		};
		17FA8D482D00DB1300050A10 /* Release */ = {
			isa = XCBuildConfiguration;
			buildSettings = {
				ALWAYS_EMBED_SWIFT_STANDARD_LIBRARIES = YES;
				BUNDLE_LOADER = "$(TEST_HOST)";
				CODE_SIGN_STYLE = Automatic;
				CURRENT_PROJECT_VERSION = 1;
				DEVELOPMENT_TEAM = DHW3U468H5;
				GENERATE_INFOPLIST_FILE = YES;
				IPHONEOS_DEPLOYMENT_TARGET = 17.2;
				MARKETING_VERSION = 1.0;
				PRODUCT_BUNDLE_IDENTIFIER = "sariomer.Learn-ConnectTests";
				PRODUCT_NAME = "$(TARGET_NAME)";
				SWIFT_EMIT_LOC_STRINGS = NO;
				SWIFT_VERSION = 5.0;
				TARGETED_DEVICE_FAMILY = "1,2";
				TEST_HOST = "$(BUILT_PRODUCTS_DIR)/Learn Connect.app/$(BUNDLE_EXECUTABLE_FOLDER_PATH)/Learn Connect";
			};
			name = Release;
		};
		17FA8D4A2D00DB1300050A10 /* Debug */ = {
			isa = XCBuildConfiguration;
			buildSettings = {
				ALWAYS_EMBED_SWIFT_STANDARD_LIBRARIES = YES;
				CODE_SIGN_STYLE = Automatic;
				CURRENT_PROJECT_VERSION = 1;
				DEVELOPMENT_TEAM = DHW3U468H5;
				GENERATE_INFOPLIST_FILE = YES;
				MARKETING_VERSION = 1.0;
				PRODUCT_BUNDLE_IDENTIFIER = "sariomer.Learn-ConnectUITests";
				PRODUCT_NAME = "$(TARGET_NAME)";
				SWIFT_EMIT_LOC_STRINGS = NO;
				SWIFT_VERSION = 5.0;
				TARGETED_DEVICE_FAMILY = "1,2";
				TEST_TARGET_NAME = "Learn Connect";
			};
			name = Debug;
		};
		17FA8D4B2D00DB1300050A10 /* Release */ = {
			isa = XCBuildConfiguration;
			buildSettings = {
				ALWAYS_EMBED_SWIFT_STANDARD_LIBRARIES = YES;
				CODE_SIGN_STYLE = Automatic;
				CURRENT_PROJECT_VERSION = 1;
				DEVELOPMENT_TEAM = DHW3U468H5;
				GENERATE_INFOPLIST_FILE = YES;
				MARKETING_VERSION = 1.0;
				PRODUCT_BUNDLE_IDENTIFIER = "sariomer.Learn-ConnectUITests";
				PRODUCT_NAME = "$(TARGET_NAME)";
				SWIFT_EMIT_LOC_STRINGS = NO;
				SWIFT_VERSION = 5.0;
				TARGETED_DEVICE_FAMILY = "1,2";
				TEST_TARGET_NAME = "Learn Connect";
			};
			name = Release;
		};
/* End XCBuildConfiguration section */

/* Begin XCConfigurationList section */
		17FA8D142D00DB1100050A10 /* Build configuration list for PBXProject "Learn Connect" */ = {
			isa = XCConfigurationList;
			buildConfigurations = (
				17FA8D412D00DB1300050A10 /* Debug */,
				17FA8D422D00DB1300050A10 /* Release */,
			);
			defaultConfigurationIsVisible = 0;
			defaultConfigurationName = Release;
		};
		17FA8D432D00DB1300050A10 /* Build configuration list for PBXNativeTarget "Learn Connect" */ = {
			isa = XCConfigurationList;
			buildConfigurations = (
				17FA8D442D00DB1300050A10 /* Debug */,
				17FA8D452D00DB1300050A10 /* Release */,
			);
			defaultConfigurationIsVisible = 0;
			defaultConfigurationName = Release;
		};
		17FA8D462D00DB1300050A10 /* Build configuration list for PBXNativeTarget "Learn ConnectTests" */ = {
			isa = XCConfigurationList;
			buildConfigurations = (
				17FA8D472D00DB1300050A10 /* Debug */,
				17FA8D482D00DB1300050A10 /* Release */,
			);
			defaultConfigurationIsVisible = 0;
			defaultConfigurationName = Release;
		};
		17FA8D492D00DB1300050A10 /* Build configuration list for PBXNativeTarget "Learn ConnectUITests" */ = {
			isa = XCConfigurationList;
			buildConfigurations = (
				17FA8D4A2D00DB1300050A10 /* Debug */,
				17FA8D4B2D00DB1300050A10 /* Release */,
			);
			defaultConfigurationIsVisible = 0;
			defaultConfigurationName = Release;
		};
/* End XCConfigurationList section */
	};
	rootObject = 17FA8D112D00DB1100050A10 /* Project object */;
}
