// !$*UTF8*$!
{
	archiveVersion = 1;
	classes = {
	};
	objectVersion = 56;
	objects = {

/* Begin PBXBuildFile section */
		172476392D01985800982CA6 /* WishListViewController.swift in Sources */ = {isa = PBXBuildFile; fileRef = 172476382D01985800982CA6 /* WishListViewController.swift */; };
		1724763B2D01B6F900982CA6 /* MyCourseViewController.swift in Sources */ = {isa = PBXBuildFile; fileRef = 1724763A2D01B6F900982CA6 /* MyCourseViewController.swift */; };
		1724763E2D01BCD200982CA6 /* MyCourseTableViewCell.swift in Sources */ = {isa = PBXBuildFile; fileRef = 1724763C2D01BCD200982CA6 /* MyCourseTableViewCell.swift */; };
		172476412D01BDFE00982CA6 /* MyCourseTableViewCell.xib in Resources */ = {isa = PBXBuildFile; fileRef = 172476402D01BDFE00982CA6 /* MyCourseTableViewCell.xib */; };
		172476432D01C27100982CA6 /* HomeViewController.swift in Sources */ = {isa = PBXBuildFile; fileRef = 172476422D01C27100982CA6 /* HomeViewController.swift */; };
		172476472D01C4A800982CA6 /* CourseCollectionViewCell.swift in Sources */ = {isa = PBXBuildFile; fileRef = 172476452D01C4A800982CA6 /* CourseCollectionViewCell.swift */; };
		172476482D01C4A800982CA6 /* CourseCollectionViewCell.xib in Resources */ = {isa = PBXBuildFile; fileRef = 172476462D01C4A800982CA6 /* CourseCollectionViewCell.xib */; };
		179523822D02F9E700A1A973 /* SecondSegmentTableViewCell.swift in Sources */ = {isa = PBXBuildFile; fileRef = 179523802D02F9E700A1A973 /* SecondSegmentTableViewCell.swift */; };
		179523832D02F9E700A1A973 /* SecondSegmentTableViewCell.xib in Resources */ = {isa = PBXBuildFile; fileRef = 179523812D02F9E700A1A973 /* SecondSegmentTableViewCell.xib */; };
		179523852D031F1200A1A973 /* CommentAndRateViewController.swift in Sources */ = {isa = PBXBuildFile; fileRef = 179523842D031F1200A1A973 /* CommentAndRateViewController.swift */; };
		1795238B2D03777300A1A973 /* SqlLiteManager.swift in Sources */ = {isa = PBXBuildFile; fileRef = 1795238A2D03777300A1A973 /* SqlLiteManager.swift */; };
		1795238D2D03884A00A1A973 /* RegisterViewController.swift in Sources */ = {isa = PBXBuildFile; fileRef = 1795238C2D03884A00A1A973 /* RegisterViewController.swift */; };
		179523912D03896000A1A973 /* RegisterViewModel.swift in Sources */ = {isa = PBXBuildFile; fileRef = 179523902D03896000A1A973 /* RegisterViewModel.swift */; };
		179523962D04219000A1A973 /* LearnConnectDB.sqlite in Resources */ = {isa = PBXBuildFile; fileRef = 179523952D04219000A1A973 /* LearnConnectDB.sqlite */; };
		179523972D04219000A1A973 /* LearnConnectDB.sqlite in Resources */ = {isa = PBXBuildFile; fileRef = 179523952D04219000A1A973 /* LearnConnectDB.sqlite */; };
		179523CF2D042E4300A1A973 /* Temp.m in Sources */ = {isa = PBXBuildFile; fileRef = 179523CE2D042E4300A1A973 /* Temp.m */; };
		179523D02D042E4300A1A973 /* Temp.m in Sources */ = {isa = PBXBuildFile; fileRef = 179523CE2D042E4300A1A973 /* Temp.m */; };
		179523DD2D04334200A1A973 /* FMResultSet.m in Sources */ = {isa = PBXBuildFile; fileRef = 179523D32D04334100A1A973 /* FMResultSet.m */; };
		179523DE2D04334200A1A973 /* FMResultSet.m in Sources */ = {isa = PBXBuildFile; fileRef = 179523D32D04334100A1A973 /* FMResultSet.m */; };
		179523DF2D04334200A1A973 /* FMDatabaseAdditions.m in Sources */ = {isa = PBXBuildFile; fileRef = 179523D42D04334100A1A973 /* FMDatabaseAdditions.m */; };
		179523E02D04334200A1A973 /* FMDatabaseAdditions.m in Sources */ = {isa = PBXBuildFile; fileRef = 179523D42D04334100A1A973 /* FMDatabaseAdditions.m */; };
		179523E12D04334200A1A973 /* FMDatabase.m in Sources */ = {isa = PBXBuildFile; fileRef = 179523D52D04334100A1A973 /* FMDatabase.m */; };
		179523E22D04334200A1A973 /* FMDatabase.m in Sources */ = {isa = PBXBuildFile; fileRef = 179523D52D04334100A1A973 /* FMDatabase.m */; };
		179523E32D04334200A1A973 /* FMDatabaseQueue.m in Sources */ = {isa = PBXBuildFile; fileRef = 179523D62D04334100A1A973 /* FMDatabaseQueue.m */; };
		179523E42D04334200A1A973 /* FMDatabaseQueue.m in Sources */ = {isa = PBXBuildFile; fileRef = 179523D62D04334100A1A973 /* FMDatabaseQueue.m */; };
		179523E52D04334200A1A973 /* FMDatabasePool.m in Sources */ = {isa = PBXBuildFile; fileRef = 179523DB2D04334100A1A973 /* FMDatabasePool.m */; };
		179523E62D04334200A1A973 /* FMDatabasePool.m in Sources */ = {isa = PBXBuildFile; fileRef = 179523DB2D04334100A1A973 /* FMDatabasePool.m */; };
		179523EC2D0439A800A1A973 /* SQLite in Frameworks */ = {isa = PBXBuildFile; productRef = 179523EB2D0439A800A1A973 /* SQLite */; };
		179523EE2D043A5100A1A973 /* Helper.swift in Sources */ = {isa = PBXBuildFile; fileRef = 179523ED2D043A5100A1A973 /* Helper.swift */; };
		179523EF2D043A5100A1A973 /* Helper.swift in Sources */ = {isa = PBXBuildFile; fileRef = 179523ED2D043A5100A1A973 /* Helper.swift */; };
		179523F12D043DB600A1A973 /* LoginViewModel.swift in Sources */ = {isa = PBXBuildFile; fileRef = 179523F02D043DB600A1A973 /* LoginViewModel.swift */; };
		179523F22D043DB600A1A973 /* LoginViewModel.swift in Sources */ = {isa = PBXBuildFile; fileRef = 179523F02D043DB600A1A973 /* LoginViewModel.swift */; };
		179523F52D04586500A1A973 /* MyProfileViewController.swift in Sources */ = {isa = PBXBuildFile; fileRef = 179523F42D04586500A1A973 /* MyProfileViewController.swift */; };
		179523F62D04586500A1A973 /* MyProfileViewController.swift in Sources */ = {isa = PBXBuildFile; fileRef = 179523F42D04586500A1A973 /* MyProfileViewController.swift */; };
		179523F92D04609000A1A973 /* Users.swift in Sources */ = {isa = PBXBuildFile; fileRef = 179523F82D04609000A1A973 /* Users.swift */; };
		179523FA2D04609000A1A973 /* Users.swift in Sources */ = {isa = PBXBuildFile; fileRef = 179523F82D04609000A1A973 /* Users.swift */; };
		179523FC2D0460C500A1A973 /* Course.swift in Sources */ = {isa = PBXBuildFile; fileRef = 179523FB2D0460C500A1A973 /* Course.swift */; };
		179523FD2D0460C500A1A973 /* Course.swift in Sources */ = {isa = PBXBuildFile; fileRef = 179523FB2D0460C500A1A973 /* Course.swift */; };
		179523FF2D0460EE00A1A973 /* UserCourse.swift in Sources */ = {isa = PBXBuildFile; fileRef = 179523FE2D0460EE00A1A973 /* UserCourse.swift */; };
		179524002D0460EE00A1A973 /* UserCourse.swift in Sources */ = {isa = PBXBuildFile; fileRef = 179523FE2D0460EE00A1A973 /* UserCourse.swift */; };
		179524022D04610600A1A973 /* Video.swift in Sources */ = {isa = PBXBuildFile; fileRef = 179524012D04610600A1A973 /* Video.swift */; };
		179524032D04610600A1A973 /* Video.swift in Sources */ = {isa = PBXBuildFile; fileRef = 179524012D04610600A1A973 /* Video.swift */; };
		179524052D04611D00A1A973 /* UserVideoProgress.swift in Sources */ = {isa = PBXBuildFile; fileRef = 179524042D04611D00A1A973 /* UserVideoProgress.swift */; };
		179524062D04611D00A1A973 /* UserVideoProgress.swift in Sources */ = {isa = PBXBuildFile; fileRef = 179524042D04611D00A1A973 /* UserVideoProgress.swift */; };
		179F12F12D023DB700442CCF /* CommentTableViewCell.swift in Sources */ = {isa = PBXBuildFile; fileRef = 179F12EF2D023DB700442CCF /* CommentTableViewCell.swift */; };
		179F12F22D023DB700442CCF /* CommentTableViewCell.xib in Resources */ = {isa = PBXBuildFile; fileRef = 179F12F02D023DB700442CCF /* CommentTableViewCell.xib */; };
		179F12F42D023EFB00442CCF /* CourseDetailViewController.swift in Sources */ = {isa = PBXBuildFile; fileRef = 179F12F32D023EFB00442CCF /* CourseDetailViewController.swift */; };
		179F12F62D02492500442CCF /* VideoLessonViewController.swift in Sources */ = {isa = PBXBuildFile; fileRef = 179F12F52D02492500442CCF /* VideoLessonViewController.swift */; };
		179F12F92D02E7B600442CCF /* CourseVideosTableViewCell.swift in Sources */ = {isa = PBXBuildFile; fileRef = 179F12F72D02E7B600442CCF /* CourseVideosTableViewCell.swift */; };
		179F12FA2D02E7B600442CCF /* CourseVideosTableViewCell.xib in Resources */ = {isa = PBXBuildFile; fileRef = 179F12F82D02E7B600442CCF /* CourseVideosTableViewCell.xib */; };
		179F12FC2D02E9AD00442CCF /* FirstSegmentViewController.swift in Sources */ = {isa = PBXBuildFile; fileRef = 179F12FB2D02E9AD00442CCF /* FirstSegmentViewController.swift */; };
		179F12FE2D02E9CD00442CCF /* SecondSegmentViewController.swift in Sources */ = {isa = PBXBuildFile; fileRef = 179F12FD2D02E9CD00442CCF /* SecondSegmentViewController.swift */; };
		17D404B12D06D33000EF36CF /* ImageLoader.swift in Sources */ = {isa = PBXBuildFile; fileRef = 17D404B02D06D33000EF36CF /* ImageLoader.swift */; };
		17D404B32D07041F00EF36CF /* CourseDetailViewModel.swift in Sources */ = {isa = PBXBuildFile; fileRef = 17D404B22D07041F00EF36CF /* CourseDetailViewModel.swift */; };
		17DCE5C32D0192E200C59273 /* WishListTableViewCell.swift in Sources */ = {isa = PBXBuildFile; fileRef = 17DCE5C12D0192E200C59273 /* WishListTableViewCell.swift */; };
		17DCE5C42D0192E200C59273 /* WishListTableViewCell.xib in Resources */ = {isa = PBXBuildFile; fileRef = 17DCE5C22D0192E200C59273 /* WishListTableViewCell.xib */; };
		17DF19552D056B84002EAB90 /* HomeViewModel.swift in Sources */ = {isa = PBXBuildFile; fileRef = 17DF19542D056B84002EAB90 /* HomeViewModel.swift */; };
		17DF19592D056E3A002EAB90 /* JSONDataManager.swift in Sources */ = {isa = PBXBuildFile; fileRef = 17DF19582D056E3A002EAB90 /* JSONDataManager.swift */; };
		17DF195B2D056E53002EAB90 /* CourseContent.swift in Sources */ = {isa = PBXBuildFile; fileRef = 17DF195A2D056E53002EAB90 /* CourseContent.swift */; };
		17DF19612D0574EE002EAB90 /* TestViewController.swift in Sources */ = {isa = PBXBuildFile; fileRef = 17DF19602D0574EE002EAB90 /* TestViewController.swift */; };
		17DF19632D057CB6002EAB90 /* Jsons in Resources */ = {isa = PBXBuildFile; fileRef = 17DF19622D057CB6002EAB90 /* Jsons */; };
		17DF19652D05B6E6002EAB90 /* DownloadViewModel.swift in Sources */ = {isa = PBXBuildFile; fileRef = 17DF19642D05B6E6002EAB90 /* DownloadViewModel.swift */; };
		17E96BA22D076D2E0000C441 /* MyCourse.swift in Sources */ = {isa = PBXBuildFile; fileRef = 17E96BA12D076D2E0000C441 /* MyCourse.swift */; };
		17E96BA42D076F930000C441 /* UserProfile.swift in Sources */ = {isa = PBXBuildFile; fileRef = 17E96BA32D076F930000C441 /* UserProfile.swift */; };
		17E96BA62D0772490000C441 /* MyCourseViewModel.swift in Sources */ = {isa = PBXBuildFile; fileRef = 17E96BA52D0772490000C441 /* MyCourseViewModel.swift */; };
		17FA8D1D2D00DB1100050A10 /* AppDelegate.swift in Sources */ = {isa = PBXBuildFile; fileRef = 17FA8D1C2D00DB1100050A10 /* AppDelegate.swift */; };
		17FA8D1F2D00DB1100050A10 /* SceneDelegate.swift in Sources */ = {isa = PBXBuildFile; fileRef = 17FA8D1E2D00DB1100050A10 /* SceneDelegate.swift */; };
		17FA8D212D00DB1100050A10 /* LoginViewController.swift in Sources */ = {isa = PBXBuildFile; fileRef = 17FA8D202D00DB1100050A10 /* LoginViewController.swift */; };
		17FA8D242D00DB1100050A10 /* Main.storyboard in Resources */ = {isa = PBXBuildFile; fileRef = 17FA8D222D00DB1100050A10 /* Main.storyboard */; };
		17FA8D262D00DB1200050A10 /* Assets.xcassets in Resources */ = {isa = PBXBuildFile; fileRef = 17FA8D252D00DB1200050A10 /* Assets.xcassets */; };
		17FA8D292D00DB1200050A10 /* LaunchScreen.storyboard in Resources */ = {isa = PBXBuildFile; fileRef = 17FA8D272D00DB1200050A10 /* LaunchScreen.storyboard */; };
		17FA8D342D00DB1300050A10 /* Learn_ConnectTests.swift in Sources */ = {isa = PBXBuildFile; fileRef = 17FA8D332D00DB1300050A10 /* Learn_ConnectTests.swift */; };
		17FA8D3E2D00DB1300050A10 /* Learn_ConnectUITests.swift in Sources */ = {isa = PBXBuildFile; fileRef = 17FA8D3D2D00DB1300050A10 /* Learn_ConnectUITests.swift */; };
		17FA8D402D00DB1300050A10 /* Learn_ConnectUITestsLaunchTests.swift in Sources */ = {isa = PBXBuildFile; fileRef = 17FA8D3F2D00DB1300050A10 /* Learn_ConnectUITestsLaunchTests.swift */; };
		17FA8D4D2D00DBEB00050A10 /* BaseViewController.swift in Sources */ = {isa = PBXBuildFile; fileRef = 17FA8D4C2D00DBEB00050A10 /* BaseViewController.swift */; };
/* End PBXBuildFile section */

/* Begin PBXContainerItemProxy section */
		17FA8D302D00DB1300050A10 /* PBXContainerItemProxy */ = {
			isa = PBXContainerItemProxy;
			containerPortal = 17FA8D112D00DB1100050A10 /* Project object */;
			proxyType = 1;
			remoteGlobalIDString = 17FA8D182D00DB1100050A10;
			remoteInfo = "Learn Connect";
		};
		17FA8D3A2D00DB1300050A10 /* PBXContainerItemProxy */ = {
			isa = PBXContainerItemProxy;
			containerPortal = 17FA8D112D00DB1100050A10 /* Project object */;
			proxyType = 1;
			remoteGlobalIDString = 17FA8D182D00DB1100050A10;
			remoteInfo = "Learn Connect";
		};
/* End PBXContainerItemProxy section */

/* Begin PBXFileReference section */
		172476382D01985800982CA6 /* WishListViewController.swift */ = {isa = PBXFileReference; lastKnownFileType = sourcecode.swift; path = WishListViewController.swift; sourceTree = "<group>"; };
		1724763A2D01B6F900982CA6 /* MyCourseViewController.swift */ = {isa = PBXFileReference; lastKnownFileType = sourcecode.swift; path = MyCourseViewController.swift; sourceTree = "<group>"; };
		1724763C2D01BCD200982CA6 /* MyCourseTableViewCell.swift */ = {isa = PBXFileReference; lastKnownFileType = sourcecode.swift; path = MyCourseTableViewCell.swift; sourceTree = "<group>"; };
		172476402D01BDFE00982CA6 /* MyCourseTableViewCell.xib */ = {isa = PBXFileReference; fileEncoding = 4; lastKnownFileType = file.xib; path = MyCourseTableViewCell.xib; sourceTree = "<group>"; };
		172476422D01C27100982CA6 /* HomeViewController.swift */ = {isa = PBXFileReference; lastKnownFileType = sourcecode.swift; path = HomeViewController.swift; sourceTree = "<group>"; };
		172476452D01C4A800982CA6 /* CourseCollectionViewCell.swift */ = {isa = PBXFileReference; lastKnownFileType = sourcecode.swift; path = CourseCollectionViewCell.swift; sourceTree = "<group>"; };
		172476462D01C4A800982CA6 /* CourseCollectionViewCell.xib */ = {isa = PBXFileReference; lastKnownFileType = file.xib; path = CourseCollectionViewCell.xib; sourceTree = "<group>"; };
		179523802D02F9E700A1A973 /* SecondSegmentTableViewCell.swift */ = {isa = PBXFileReference; lastKnownFileType = sourcecode.swift; path = SecondSegmentTableViewCell.swift; sourceTree = "<group>"; };
		179523812D02F9E700A1A973 /* SecondSegmentTableViewCell.xib */ = {isa = PBXFileReference; lastKnownFileType = file.xib; path = SecondSegmentTableViewCell.xib; sourceTree = "<group>"; };
		179523842D031F1200A1A973 /* CommentAndRateViewController.swift */ = {isa = PBXFileReference; lastKnownFileType = sourcecode.swift; path = CommentAndRateViewController.swift; sourceTree = "<group>"; };
		1795238A2D03777300A1A973 /* SqlLiteManager.swift */ = {isa = PBXFileReference; lastKnownFileType = sourcecode.swift; path = SqlLiteManager.swift; sourceTree = "<group>"; };
		1795238C2D03884A00A1A973 /* RegisterViewController.swift */ = {isa = PBXFileReference; lastKnownFileType = sourcecode.swift; path = RegisterViewController.swift; sourceTree = "<group>"; };
		179523902D03896000A1A973 /* RegisterViewModel.swift */ = {isa = PBXFileReference; lastKnownFileType = sourcecode.swift; path = RegisterViewModel.swift; sourceTree = "<group>"; };
		179523952D04219000A1A973 /* LearnConnectDB.sqlite */ = {isa = PBXFileReference; lastKnownFileType = file; path = LearnConnectDB.sqlite; sourceTree = "<group>"; };
		179523B02D04240700A1A973 /* libsqlite3.tbd */ = {isa = PBXFileReference; lastKnownFileType = "sourcecode.text-based-dylib-definition"; name = libsqlite3.tbd; path = usr/lib/libsqlite3.tbd; sourceTree = SDKROOT; };
		179523CE2D042E4300A1A973 /* Temp.m */ = {isa = PBXFileReference; lastKnownFileType = sourcecode.c.objc; path = Temp.m; sourceTree = "<group>"; };
		179523D12D042E9100A1A973 /* Learn Connect-Bridging-Header.h */ = {isa = PBXFileReference; lastKnownFileType = sourcecode.c.h; path = "Learn Connect-Bridging-Header.h"; sourceTree = "<group>"; };
		179523D22D04334000A1A973 /* FMDatabaseAdditions.h */ = {isa = PBXFileReference; fileEncoding = 4; lastKnownFileType = sourcecode.c.h; path = FMDatabaseAdditions.h; sourceTree = "<group>"; };
		179523D32D04334100A1A973 /* FMResultSet.m */ = {isa = PBXFileReference; fileEncoding = 4; lastKnownFileType = sourcecode.c.objc; path = FMResultSet.m; sourceTree = "<group>"; };
		179523D42D04334100A1A973 /* FMDatabaseAdditions.m */ = {isa = PBXFileReference; fileEncoding = 4; lastKnownFileType = sourcecode.c.objc; path = FMDatabaseAdditions.m; sourceTree = "<group>"; };
		179523D52D04334100A1A973 /* FMDatabase.m */ = {isa = PBXFileReference; fileEncoding = 4; lastKnownFileType = sourcecode.c.objc; path = FMDatabase.m; sourceTree = "<group>"; };
		179523D62D04334100A1A973 /* FMDatabaseQueue.m */ = {isa = PBXFileReference; fileEncoding = 4; lastKnownFileType = sourcecode.c.objc; path = FMDatabaseQueue.m; sourceTree = "<group>"; };
		179523D72D04334100A1A973 /* FMDatabaseQueue.h */ = {isa = PBXFileReference; fileEncoding = 4; lastKnownFileType = sourcecode.c.h; path = FMDatabaseQueue.h; sourceTree = "<group>"; };
		179523D82D04334100A1A973 /* FMDatabase.h */ = {isa = PBXFileReference; fileEncoding = 4; lastKnownFileType = sourcecode.c.h; path = FMDatabase.h; sourceTree = "<group>"; };
		179523D92D04334100A1A973 /* FMResultSet.h */ = {isa = PBXFileReference; fileEncoding = 4; lastKnownFileType = sourcecode.c.h; path = FMResultSet.h; sourceTree = "<group>"; };
		179523DA2D04334100A1A973 /* FMDatabasePool.h */ = {isa = PBXFileReference; fileEncoding = 4; lastKnownFileType = sourcecode.c.h; path = FMDatabasePool.h; sourceTree = "<group>"; };
		179523DB2D04334100A1A973 /* FMDatabasePool.m */ = {isa = PBXFileReference; fileEncoding = 4; lastKnownFileType = sourcecode.c.objc; path = FMDatabasePool.m; sourceTree = "<group>"; };
		179523DC2D04334100A1A973 /* FMDB.h */ = {isa = PBXFileReference; fileEncoding = 4; lastKnownFileType = sourcecode.c.h; path = FMDB.h; sourceTree = "<group>"; };
		179523ED2D043A5100A1A973 /* Helper.swift */ = {isa = PBXFileReference; lastKnownFileType = sourcecode.swift; path = Helper.swift; sourceTree = "<group>"; };
		179523F02D043DB600A1A973 /* LoginViewModel.swift */ = {isa = PBXFileReference; lastKnownFileType = sourcecode.swift; path = LoginViewModel.swift; sourceTree = "<group>"; };
		179523F42D04586500A1A973 /* MyProfileViewController.swift */ = {isa = PBXFileReference; lastKnownFileType = sourcecode.swift; path = MyProfileViewController.swift; sourceTree = "<group>"; };
		179523F82D04609000A1A973 /* Users.swift */ = {isa = PBXFileReference; lastKnownFileType = sourcecode.swift; path = Users.swift; sourceTree = "<group>"; };
		179523FB2D0460C500A1A973 /* Course.swift */ = {isa = PBXFileReference; lastKnownFileType = sourcecode.swift; path = Course.swift; sourceTree = "<group>"; };
		179523FE2D0460EE00A1A973 /* UserCourse.swift */ = {isa = PBXFileReference; lastKnownFileType = sourcecode.swift; path = UserCourse.swift; sourceTree = "<group>"; };
		179524012D04610600A1A973 /* Video.swift */ = {isa = PBXFileReference; lastKnownFileType = sourcecode.swift; path = Video.swift; sourceTree = "<group>"; };
		179524042D04611D00A1A973 /* UserVideoProgress.swift */ = {isa = PBXFileReference; lastKnownFileType = sourcecode.swift; path = UserVideoProgress.swift; sourceTree = "<group>"; };
		179F12EF2D023DB700442CCF /* CommentTableViewCell.swift */ = {isa = PBXFileReference; lastKnownFileType = sourcecode.swift; path = CommentTableViewCell.swift; sourceTree = "<group>"; };
		179F12F02D023DB700442CCF /* CommentTableViewCell.xib */ = {isa = PBXFileReference; lastKnownFileType = file.xib; path = CommentTableViewCell.xib; sourceTree = "<group>"; };
		179F12F32D023EFB00442CCF /* CourseDetailViewController.swift */ = {isa = PBXFileReference; lastKnownFileType = sourcecode.swift; path = CourseDetailViewController.swift; sourceTree = "<group>"; };
		179F12F52D02492500442CCF /* VideoLessonViewController.swift */ = {isa = PBXFileReference; lastKnownFileType = sourcecode.swift; path = VideoLessonViewController.swift; sourceTree = "<group>"; };
		179F12F72D02E7B600442CCF /* CourseVideosTableViewCell.swift */ = {isa = PBXFileReference; lastKnownFileType = sourcecode.swift; path = CourseVideosTableViewCell.swift; sourceTree = "<group>"; };
		179F12F82D02E7B600442CCF /* CourseVideosTableViewCell.xib */ = {isa = PBXFileReference; lastKnownFileType = file.xib; path = CourseVideosTableViewCell.xib; sourceTree = "<group>"; };
		179F12FB2D02E9AD00442CCF /* FirstSegmentViewController.swift */ = {isa = PBXFileReference; lastKnownFileType = sourcecode.swift; path = FirstSegmentViewController.swift; sourceTree = "<group>"; };
		179F12FD2D02E9CD00442CCF /* SecondSegmentViewController.swift */ = {isa = PBXFileReference; lastKnownFileType = sourcecode.swift; path = SecondSegmentViewController.swift; sourceTree = "<group>"; };
		17D404B02D06D33000EF36CF /* ImageLoader.swift */ = {isa = PBXFileReference; lastKnownFileType = sourcecode.swift; path = ImageLoader.swift; sourceTree = "<group>"; };
		17D404B22D07041F00EF36CF /* CourseDetailViewModel.swift */ = {isa = PBXFileReference; lastKnownFileType = sourcecode.swift; path = CourseDetailViewModel.swift; sourceTree = "<group>"; };
		17DCE5C12D0192E200C59273 /* WishListTableViewCell.swift */ = {isa = PBXFileReference; lastKnownFileType = sourcecode.swift; path = WishListTableViewCell.swift; sourceTree = "<group>"; };
		17DCE5C22D0192E200C59273 /* WishListTableViewCell.xib */ = {isa = PBXFileReference; lastKnownFileType = file.xib; path = WishListTableViewCell.xib; sourceTree = "<group>"; };
		17DF19542D056B84002EAB90 /* HomeViewModel.swift */ = {isa = PBXFileReference; lastKnownFileType = sourcecode.swift; path = HomeViewModel.swift; sourceTree = "<group>"; };
		17DF19582D056E3A002EAB90 /* JSONDataManager.swift */ = {isa = PBXFileReference; fileEncoding = 4; lastKnownFileType = sourcecode.swift; path = JSONDataManager.swift; sourceTree = "<group>"; };
		17DF195A2D056E53002EAB90 /* CourseContent.swift */ = {isa = PBXFileReference; fileEncoding = 4; lastKnownFileType = sourcecode.swift; path = CourseContent.swift; sourceTree = "<group>"; };
		17DF19602D0574EE002EAB90 /* TestViewController.swift */ = {isa = PBXFileReference; lastKnownFileType = sourcecode.swift; path = TestViewController.swift; sourceTree = "<group>"; };
		17DF19622D057CB6002EAB90 /* Jsons */ = {isa = PBXFileReference; lastKnownFileType = folder; path = Jsons; sourceTree = "<group>"; };
		17DF19642D05B6E6002EAB90 /* DownloadViewModel.swift */ = {isa = PBXFileReference; lastKnownFileType = sourcecode.swift; path = DownloadViewModel.swift; sourceTree = "<group>"; };
		17E96BA12D076D2E0000C441 /* MyCourse.swift */ = {isa = PBXFileReference; lastKnownFileType = sourcecode.swift; path = MyCourse.swift; sourceTree = "<group>"; };
		17E96BA32D076F930000C441 /* UserProfile.swift */ = {isa = PBXFileReference; lastKnownFileType = sourcecode.swift; path = UserProfile.swift; sourceTree = "<group>"; };
		17E96BA52D0772490000C441 /* MyCourseViewModel.swift */ = {isa = PBXFileReference; lastKnownFileType = sourcecode.swift; path = MyCourseViewModel.swift; sourceTree = "<group>"; };
		17FA8D192D00DB1100050A10 /* Learn Connect.app */ = {isa = PBXFileReference; explicitFileType = wrapper.application; includeInIndex = 0; path = "Learn Connect.app"; sourceTree = BUILT_PRODUCTS_DIR; };
		17FA8D1C2D00DB1100050A10 /* AppDelegate.swift */ = {isa = PBXFileReference; lastKnownFileType = sourcecode.swift; path = AppDelegate.swift; sourceTree = "<group>"; };
		17FA8D1E2D00DB1100050A10 /* SceneDelegate.swift */ = {isa = PBXFileReference; lastKnownFileType = sourcecode.swift; path = SceneDelegate.swift; sourceTree = "<group>"; };
		17FA8D202D00DB1100050A10 /* LoginViewController.swift */ = {isa = PBXFileReference; lastKnownFileType = sourcecode.swift; path = LoginViewController.swift; sourceTree = "<group>"; };
		17FA8D232D00DB1100050A10 /* Base */ = {isa = PBXFileReference; lastKnownFileType = file.storyboard; name = Base; path = Base.lproj/Main.storyboard; sourceTree = "<group>"; };
		17FA8D252D00DB1200050A10 /* Assets.xcassets */ = {isa = PBXFileReference; lastKnownFileType = folder.assetcatalog; path = Assets.xcassets; sourceTree = "<group>"; };
		17FA8D282D00DB1200050A10 /* Base */ = {isa = PBXFileReference; lastKnownFileType = file.storyboard; name = Base; path = Base.lproj/LaunchScreen.storyboard; sourceTree = "<group>"; };
		17FA8D2A2D00DB1200050A10 /* Info.plist */ = {isa = PBXFileReference; lastKnownFileType = text.plist.xml; path = Info.plist; sourceTree = "<group>"; };
		17FA8D2F2D00DB1300050A10 /* Learn ConnectTests.xctest */ = {isa = PBXFileReference; explicitFileType = wrapper.cfbundle; includeInIndex = 0; path = "Learn ConnectTests.xctest"; sourceTree = BUILT_PRODUCTS_DIR; };
		17FA8D332D00DB1300050A10 /* Learn_ConnectTests.swift */ = {isa = PBXFileReference; lastKnownFileType = sourcecode.swift; path = Learn_ConnectTests.swift; sourceTree = "<group>"; };
		17FA8D392D00DB1300050A10 /* Learn ConnectUITests.xctest */ = {isa = PBXFileReference; explicitFileType = wrapper.cfbundle; includeInIndex = 0; path = "Learn ConnectUITests.xctest"; sourceTree = BUILT_PRODUCTS_DIR; };
		17FA8D3D2D00DB1300050A10 /* Learn_ConnectUITests.swift */ = {isa = PBXFileReference; lastKnownFileType = sourcecode.swift; path = Learn_ConnectUITests.swift; sourceTree = "<group>"; };
		17FA8D3F2D00DB1300050A10 /* Learn_ConnectUITestsLaunchTests.swift */ = {isa = PBXFileReference; lastKnownFileType = sourcecode.swift; path = Learn_ConnectUITestsLaunchTests.swift; sourceTree = "<group>"; };
		17FA8D4C2D00DBEB00050A10 /* BaseViewController.swift */ = {isa = PBXFileReference; lastKnownFileType = sourcecode.swift; path = BaseViewController.swift; sourceTree = "<group>"; };
/* End PBXFileReference section */

/* Begin PBXFrameworksBuildPhase section */
		17FA8D162D00DB1100050A10 /* Frameworks */ = {
			isa = PBXFrameworksBuildPhase;
			buildActionMask = 2147483647;
			files = (
				179523EC2D0439A800A1A973 /* SQLite in Frameworks */,
			);
			runOnlyForDeploymentPostprocessing = 0;
		};
		17FA8D2C2D00DB1300050A10 /* Frameworks */ = {
			isa = PBXFrameworksBuildPhase;
			buildActionMask = 2147483647;
			files = (
			);
			runOnlyForDeploymentPostprocessing = 0;
		};
		17FA8D362D00DB1300050A10 /* Frameworks */ = {
			isa = PBXFrameworksBuildPhase;
			buildActionMask = 2147483647;
			files = (
			);
			runOnlyForDeploymentPostprocessing = 0;
		};
/* End PBXFrameworksBuildPhase section */

/* Begin PBXGroup section */
		172476442D01C47700982CA6 /* CollectionViewCell */ = {
			isa = PBXGroup;
			children = (
				172476452D01C4A800982CA6 /* CourseCollectionViewCell.swift */,
				172476462D01C4A800982CA6 /* CourseCollectionViewCell.xib */,
			);
			path = CollectionViewCell;
			sourceTree = "<group>";
		};
		179523892D03774B00A1A973 /* ViewController */ = {
			isa = PBXGroup;
			children = (
				17DF19602D0574EE002EAB90 /* TestViewController.swift */,
				179F12FD2D02E9CD00442CCF /* SecondSegmentViewController.swift */,
				17FA8D4C2D00DBEB00050A10 /* BaseViewController.swift */,
				172476382D01985800982CA6 /* WishListViewController.swift */,
				179F12F32D023EFB00442CCF /* CourseDetailViewController.swift */,
				179F12F52D02492500442CCF /* VideoLessonViewController.swift */,
				179F12FB2D02E9AD00442CCF /* FirstSegmentViewController.swift */,
				179523842D031F1200A1A973 /* CommentAndRateViewController.swift */,
				179523F42D04586500A1A973 /* MyProfileViewController.swift */,
			);
			path = ViewController;
			sourceTree = "<group>";
		};
		1795238E2D03891C00A1A973 /* Views */ = {
			isa = PBXGroup;
			children = (
				17E96BA72D07726F0000C441 /* MyCourse */,
				17D404B22D07041F00EF36CF /* CourseDetailViewModel.swift */,
				17DF19532D056B6D002EAB90 /* Home */,
				179523F32D043DBB00A1A973 /* Login */,
				1795238F2D03894C00A1A973 /* Register */,
			);
			path = Views;
			sourceTree = "<group>";
		};
		1795238F2D03894C00A1A973 /* Register */ = {
			isa = PBXGroup;
			children = (
				1795238C2D03884A00A1A973 /* RegisterViewController.swift */,
				179523902D03896000A1A973 /* RegisterViewModel.swift */,
			);
			path = Register;
			sourceTree = "<group>";
		};
		179523922D03910700A1A973 /* DBManager */ = {
			isa = PBXGroup;
			children = (
				1795238A2D03777300A1A973 /* SqlLiteManager.swift */,
			);
			path = DBManager;
			sourceTree = "<group>";
		};
		179523AF2D04240600A1A973 /* Frameworks */ = {
			isa = PBXGroup;
			children = (
				179523B02D04240700A1A973 /* libsqlite3.tbd */,
			);
			name = Frameworks;
			sourceTree = "<group>";
		};
		179523F32D043DBB00A1A973 /* Login */ = {
			isa = PBXGroup;
			children = (
				179523F02D043DB600A1A973 /* LoginViewModel.swift */,
				17FA8D202D00DB1100050A10 /* LoginViewController.swift */,
			);
			path = Login;
			sourceTree = "<group>";
		};
		179523F72D04607A00A1A973 /* Models */ = {
			isa = PBXGroup;
			children = (
				17DF195A2D056E53002EAB90 /* CourseContent.swift */,
				179523F82D04609000A1A973 /* Users.swift */,
				179523FB2D0460C500A1A973 /* Course.swift */,
				179523FE2D0460EE00A1A973 /* UserCourse.swift */,
				179524012D04610600A1A973 /* Video.swift */,
				179524042D04611D00A1A973 /* UserVideoProgress.swift */,
				17E96BA12D076D2E0000C441 /* MyCourse.swift */,
			);
			path = Models;
			sourceTree = "<group>";
		};
		17DCE5C02D0192B900C59273 /* TableViewCell */ = {
			isa = PBXGroup;
			children = (
				17DCE5C12D0192E200C59273 /* WishListTableViewCell.swift */,
				17DCE5C22D0192E200C59273 /* WishListTableViewCell.xib */,
				172476402D01BDFE00982CA6 /* MyCourseTableViewCell.xib */,
				1724763C2D01BCD200982CA6 /* MyCourseTableViewCell.swift */,
				179F12EF2D023DB700442CCF /* CommentTableViewCell.swift */,
				179F12F02D023DB700442CCF /* CommentTableViewCell.xib */,
				179F12F72D02E7B600442CCF /* CourseVideosTableViewCell.swift */,
				179F12F82D02E7B600442CCF /* CourseVideosTableViewCell.xib */,
				179523802D02F9E700A1A973 /* SecondSegmentTableViewCell.swift */,
				179523812D02F9E700A1A973 /* SecondSegmentTableViewCell.xib */,
			);
			path = TableViewCell;
			sourceTree = "<group>";
		};
		17DF19532D056B6D002EAB90 /* Home */ = {
			isa = PBXGroup;
			children = (
				172476422D01C27100982CA6 /* HomeViewController.swift */,
				17DF19542D056B84002EAB90 /* HomeViewModel.swift */,
			);
			path = Home;
			sourceTree = "<group>";
		};
		17E96BA72D07726F0000C441 /* MyCourse */ = {
			isa = PBXGroup;
			children = (
				1724763A2D01B6F900982CA6 /* MyCourseViewController.swift */,
				17E96BA52D0772490000C441 /* MyCourseViewModel.swift */,
			);
			path = MyCourse;
			sourceTree = "<group>";
		};
		17FA8D102D00DB1100050A10 = {
			isa = PBXGroup;
			children = (
				17FA8D1B2D00DB1100050A10 /* Learn Connect */,
				17FA8D322D00DB1300050A10 /* Learn ConnectTests */,
				17FA8D3C2D00DB1300050A10 /* Learn ConnectUITests */,
				17FA8D1A2D00DB1100050A10 /* Products */,
				179523AF2D04240600A1A973 /* Frameworks */,
			);
			sourceTree = "<group>";
		};
		17FA8D1A2D00DB1100050A10 /* Products */ = {
			isa = PBXGroup;
			children = (
				17FA8D192D00DB1100050A10 /* Learn Connect.app */,
				17FA8D2F2D00DB1300050A10 /* Learn ConnectTests.xctest */,
				17FA8D392D00DB1300050A10 /* Learn ConnectUITests.xctest */,
			);
			name = Products;
			sourceTree = "<group>";
		};
		17FA8D1B2D00DB1100050A10 /* Learn Connect */ = {
			isa = PBXGroup;
			children = (
				17DF19582D056E3A002EAB90 /* JSONDataManager.swift */,
				17DF19622D057CB6002EAB90 /* Jsons */,
				179523F72D04607A00A1A973 /* Models */,
				179523922D03910700A1A973 /* DBManager */,
				1795238E2D03891C00A1A973 /* Views */,
				179523892D03774B00A1A973 /* ViewController */,
				172476442D01C47700982CA6 /* CollectionViewCell */,
				17DCE5C02D0192B900C59273 /* TableViewCell */,
				17FA8D1C2D00DB1100050A10 /* AppDelegate.swift */,
				17FA8D1E2D00DB1100050A10 /* SceneDelegate.swift */,
				17FA8D222D00DB1100050A10 /* Main.storyboard */,
				17FA8D252D00DB1200050A10 /* Assets.xcassets */,
				17FA8D272D00DB1200050A10 /* LaunchScreen.storyboard */,
				17FA8D2A2D00DB1200050A10 /* Info.plist */,
				179523952D04219000A1A973 /* LearnConnectDB.sqlite */,
				179523D82D04334100A1A973 /* FMDatabase.h */,
				179523D52D04334100A1A973 /* FMDatabase.m */,
				179523D22D04334000A1A973 /* FMDatabaseAdditions.h */,
				179523D42D04334100A1A973 /* FMDatabaseAdditions.m */,
				179523DA2D04334100A1A973 /* FMDatabasePool.h */,
				179523DB2D04334100A1A973 /* FMDatabasePool.m */,
				179523D72D04334100A1A973 /* FMDatabaseQueue.h */,
				179523D62D04334100A1A973 /* FMDatabaseQueue.m */,
				179523DC2D04334100A1A973 /* FMDB.h */,
				179523D92D04334100A1A973 /* FMResultSet.h */,
				179523D32D04334100A1A973 /* FMResultSet.m */,
				179523CE2D042E4300A1A973 /* Temp.m */,
				179523D12D042E9100A1A973 /* Learn Connect-Bridging-Header.h */,
				179523ED2D043A5100A1A973 /* Helper.swift */,
				17DF19642D05B6E6002EAB90 /* DownloadViewModel.swift */,
				17D404B02D06D33000EF36CF /* ImageLoader.swift */,
				17E96BA32D076F930000C441 /* UserProfile.swift */,
			);
			path = "Learn Connect";
			sourceTree = "<group>";
		};
		17FA8D322D00DB1300050A10 /* Learn ConnectTests */ = {
			isa = PBXGroup;
			children = (
				17FA8D332D00DB1300050A10 /* Learn_ConnectTests.swift */,
			);
			path = "Learn ConnectTests";
			sourceTree = "<group>";
		};
		17FA8D3C2D00DB1300050A10 /* Learn ConnectUITests */ = {
			isa = PBXGroup;
			children = (
				17FA8D3D2D00DB1300050A10 /* Learn_ConnectUITests.swift */,
				17FA8D3F2D00DB1300050A10 /* Learn_ConnectUITestsLaunchTests.swift */,
			);
			path = "Learn ConnectUITests";
			sourceTree = "<group>";
		};
/* End PBXGroup section */

/* Begin PBXNativeTarget section */
		17FA8D182D00DB1100050A10 /* Learn Connect */ = {
			isa = PBXNativeTarget;
			buildConfigurationList = 17FA8D432D00DB1300050A10 /* Build configuration list for PBXNativeTarget "Learn Connect" */;
			buildPhases = (
				17FA8D152D00DB1100050A10 /* Sources */,
				17FA8D162D00DB1100050A10 /* Frameworks */,
				17FA8D172D00DB1100050A10 /* Resources */,
			);
			buildRules = (
			);
			dependencies = (
			);
			name = "Learn Connect";
			packageProductDependencies = (
				179523EB2D0439A800A1A973 /* SQLite */,
			);
			productName = "Learn Connect";
			productReference = 17FA8D192D00DB1100050A10 /* Learn Connect.app */;
			productType = "com.apple.product-type.application";
		};
		17FA8D2E2D00DB1300050A10 /* Learn ConnectTests */ = {
			isa = PBXNativeTarget;
			buildConfigurationList = 17FA8D462D00DB1300050A10 /* Build configuration list for PBXNativeTarget "Learn ConnectTests" */;
			buildPhases = (
				17FA8D2B2D00DB1300050A10 /* Sources */,
				17FA8D2C2D00DB1300050A10 /* Frameworks */,
				17FA8D2D2D00DB1300050A10 /* Resources */,
			);
			buildRules = (
			);
			dependencies = (
				17FA8D312D00DB1300050A10 /* PBXTargetDependency */,
			);
			name = "Learn ConnectTests";
			productName = "Learn ConnectTests";
			productReference = 17FA8D2F2D00DB1300050A10 /* Learn ConnectTests.xctest */;
			productType = "com.apple.product-type.bundle.unit-test";
		};
		17FA8D382D00DB1300050A10 /* Learn ConnectUITests */ = {
			isa = PBXNativeTarget;
			buildConfigurationList = 17FA8D492D00DB1300050A10 /* Build configuration list for PBXNativeTarget "Learn ConnectUITests" */;
			buildPhases = (
				17FA8D352D00DB1300050A10 /* Sources */,
				17FA8D362D00DB1300050A10 /* Frameworks */,
				17FA8D372D00DB1300050A10 /* Resources */,
			);
			buildRules = (
			);
			dependencies = (
				17FA8D3B2D00DB1300050A10 /* PBXTargetDependency */,
			);
			name = "Learn ConnectUITests";
			productName = "Learn ConnectUITests";
			productReference = 17FA8D392D00DB1300050A10 /* Learn ConnectUITests.xctest */;
			productType = "com.apple.product-type.bundle.ui-testing";
		};
/* End PBXNativeTarget section */

/* Begin PBXProject section */
		17FA8D112D00DB1100050A10 /* Project object */ = {
			isa = PBXProject;
			attributes = {
				BuildIndependentTargetsInParallel = 1;
				LastSwiftUpdateCheck = 1510;
				LastUpgradeCheck = 1510;
				TargetAttributes = {
					17FA8D182D00DB1100050A10 = {
						CreatedOnToolsVersion = 15.1;
						LastSwiftMigration = 1510;
					};
					17FA8D2E2D00DB1300050A10 = {
						CreatedOnToolsVersion = 15.1;
						LastSwiftMigration = 1510;
						TestTargetID = 17FA8D182D00DB1100050A10;
					};
					17FA8D382D00DB1300050A10 = {
						CreatedOnToolsVersion = 15.1;
						TestTargetID = 17FA8D182D00DB1100050A10;
					};
				};
			};
			buildConfigurationList = 17FA8D142D00DB1100050A10 /* Build configuration list for PBXProject "Learn Connect" */;
			compatibilityVersion = "Xcode 14.0";
			developmentRegion = en;
			hasScannedForEncodings = 0;
			knownRegions = (
				en,
				Base,
			);
			mainGroup = 17FA8D102D00DB1100050A10;
			packageReferences = (
				179523EA2D0439A800A1A973 /* XCRemoteSwiftPackageReference "SQLite.swift" */,
			);
			productRefGroup = 17FA8D1A2D00DB1100050A10 /* Products */;
			projectDirPath = "";
			projectRoot = "";
			targets = (
				17FA8D182D00DB1100050A10 /* Learn Connect */,
				17FA8D2E2D00DB1300050A10 /* Learn ConnectTests */,
				17FA8D382D00DB1300050A10 /* Learn ConnectUITests */,
			);
		};
/* End PBXProject section */

/* Begin PBXResourcesBuildPhase section */
		17FA8D172D00DB1100050A10 /* Resources */ = {
			isa = PBXResourcesBuildPhase;
			buildActionMask = 2147483647;
			files = (
				17DCE5C42D0192E200C59273 /* WishListTableViewCell.xib in Resources */,
				17FA8D292D00DB1200050A10 /* LaunchScreen.storyboard in Resources */,
				17FA8D262D00DB1200050A10 /* Assets.xcassets in Resources */,
				172476412D01BDFE00982CA6 /* MyCourseTableViewCell.xib in Resources */,
				179523832D02F9E700A1A973 /* SecondSegmentTableViewCell.xib in Resources */,
				179F12FA2D02E7B600442CCF /* CourseVideosTableViewCell.xib in Resources */,
				17DF19632D057CB6002EAB90 /* Jsons in Resources */,
				179F12F22D023DB700442CCF /* CommentTableViewCell.xib in Resources */,
				179523962D04219000A1A973 /* LearnConnectDB.sqlite in Resources */,
				17FA8D242D00DB1100050A10 /* Main.storyboard in Resources */,
				172476482D01C4A800982CA6 /* CourseCollectionViewCell.xib in Resources */,
			);
			runOnlyForDeploymentPostprocessing = 0;
		};
		17FA8D2D2D00DB1300050A10 /* Resources */ = {
			isa = PBXResourcesBuildPhase;
			buildActionMask = 2147483647;
			files = (
				179523972D04219000A1A973 /* LearnConnectDB.sqlite in Resources */,
			);
			runOnlyForDeploymentPostprocessing = 0;
		};
		17FA8D372D00DB1300050A10 /* Resources */ = {
			isa = PBXResourcesBuildPhase;
			buildActionMask = 2147483647;
			files = (
			);
			runOnlyForDeploymentPostprocessing = 0;
		};
/* End PBXResourcesBuildPhase section */

/* Begin PBXSourcesBuildPhase section */
		17FA8D152D00DB1100050A10 /* Sources */ = {
			isa = PBXSourcesBuildPhase;
			buildActionMask = 2147483647;
			files = (
				179523F52D04586500A1A973 /* MyProfileViewController.swift in Sources */,
				17E96BA22D076D2E0000C441 /* MyCourse.swift in Sources */,
				179523822D02F9E700A1A973 /* SecondSegmentTableViewCell.swift in Sources */,
				179F12F12D023DB700442CCF /* CommentTableViewCell.swift in Sources */,
				179524052D04611D00A1A973 /* UserVideoProgress.swift in Sources */,
				1724763E2D01BCD200982CA6 /* MyCourseTableViewCell.swift in Sources */,
				17FA8D212D00DB1100050A10 /* LoginViewController.swift in Sources */,
				179F12F62D02492500442CCF /* VideoLessonViewController.swift in Sources */,
				1795238B2D03777300A1A973 /* SqlLiteManager.swift in Sources */,
				172476392D01985800982CA6 /* WishListViewController.swift in Sources */,
				179F12F42D023EFB00442CCF /* CourseDetailViewController.swift in Sources */,
				179523FF2D0460EE00A1A973 /* UserCourse.swift in Sources */,
				179F12F92D02E7B600442CCF /* CourseVideosTableViewCell.swift in Sources */,
				179524022D04610600A1A973 /* Video.swift in Sources */,
				179523CF2D042E4300A1A973 /* Temp.m in Sources */,
				179523852D031F1200A1A973 /* CommentAndRateViewController.swift in Sources */,
				17E96BA42D076F930000C441 /* UserProfile.swift in Sources */,
				172476472D01C4A800982CA6 /* CourseCollectionViewCell.swift in Sources */,
				1795238D2D03884A00A1A973 /* RegisterViewController.swift in Sources */,
				179523E52D04334200A1A973 /* FMDatabasePool.m in Sources */,
				179523E12D04334200A1A973 /* FMDatabase.m in Sources */,
				17DF19552D056B84002EAB90 /* HomeViewModel.swift in Sources */,
				17D404B32D07041F00EF36CF /* CourseDetailViewModel.swift in Sources */,
				179523EE2D043A5100A1A973 /* Helper.swift in Sources */,
				17FA8D4D2D00DBEB00050A10 /* BaseViewController.swift in Sources */,
				17DCE5C32D0192E200C59273 /* WishListTableViewCell.swift in Sources */,
				172476432D01C27100982CA6 /* HomeViewController.swift in Sources */,
				17DF19592D056E3A002EAB90 /* JSONDataManager.swift in Sources */,
				179523E32D04334200A1A973 /* FMDatabaseQueue.m in Sources */,
				17DF195B2D056E53002EAB90 /* CourseContent.swift in Sources */,
				17FA8D1D2D00DB1100050A10 /* AppDelegate.swift in Sources */,
				179523F12D043DB600A1A973 /* LoginViewModel.swift in Sources */,
				179523DD2D04334200A1A973 /* FMResultSet.m in Sources */,
				179523FC2D0460C500A1A973 /* Course.swift in Sources */,
				17DF19612D0574EE002EAB90 /* TestViewController.swift in Sources */,
				17E96BA62D0772490000C441 /* MyCourseViewModel.swift in Sources */,
				179523912D03896000A1A973 /* RegisterViewModel.swift in Sources */,
				17FA8D1F2D00DB1100050A10 /* SceneDelegate.swift in Sources */,
				17D404B12D06D33000EF36CF /* ImageLoader.swift in Sources */,
				1724763B2D01B6F900982CA6 /* MyCourseViewController.swift in Sources */,
				179F12FE2D02E9CD00442CCF /* SecondSegmentViewController.swift in Sources */,
				179F12FC2D02E9AD00442CCF /* FirstSegmentViewController.swift in Sources */,
				179523F92D04609000A1A973 /* Users.swift in Sources */,
				17DF19652D05B6E6002EAB90 /* DownloadViewModel.swift in Sources */,
				179523DF2D04334200A1A973 /* FMDatabaseAdditions.m in Sources */,
			);
			runOnlyForDeploymentPostprocessing = 0;
		};
		17FA8D2B2D00DB1300050A10 /* Sources */ = {
			isa = PBXSourcesBuildPhase;
			buildActionMask = 2147483647;
			files = (
				179524002D0460EE00A1A973 /* UserCourse.swift in Sources */,
				179523FD2D0460C500A1A973 /* Course.swift in Sources */,
				179523F62D04586500A1A973 /* MyProfileViewController.swift in Sources */,
				179523DE2D04334200A1A973 /* FMResultSet.m in Sources */,
				17FA8D342D00DB1300050A10 /* Learn_ConnectTests.swift in Sources */,
				179524032D04610600A1A973 /* Video.swift in Sources */,
				179523D02D042E4300A1A973 /* Temp.m in Sources */,
				179523E22D04334200A1A973 /* FMDatabase.m in Sources */,
				179524062D04611D00A1A973 /* UserVideoProgress.swift in Sources */,
				179523E62D04334200A1A973 /* FMDatabasePool.m in Sources */,
				179523E02D04334200A1A973 /* FMDatabaseAdditions.m in Sources */,
				179523E42D04334200A1A973 /* FMDatabaseQueue.m in Sources */,
				179523EF2D043A5100A1A973 /* Helper.swift in Sources */,
				179523F22D043DB600A1A973 /* LoginViewModel.swift in Sources */,
				179523FA2D04609000A1A973 /* Users.swift in Sources */,
			);
			runOnlyForDeploymentPostprocessing = 0;
		};
		17FA8D352D00DB1300050A10 /* Sources */ = {
			isa = PBXSourcesBuildPhase;
			buildActionMask = 2147483647;
			files = (
				17FA8D402D00DB1300050A10 /* Learn_ConnectUITestsLaunchTests.swift in Sources */,
				17FA8D3E2D00DB1300050A10 /* Learn_ConnectUITests.swift in Sources */,
			);
			runOnlyForDeploymentPostprocessing = 0;
		};
/* End PBXSourcesBuildPhase section */

/* Begin PBXTargetDependency section */
		17FA8D312D00DB1300050A10 /* PBXTargetDependency */ = {
			isa = PBXTargetDependency;
			target = 17FA8D182D00DB1100050A10 /* Learn Connect */;
			targetProxy = 17FA8D302D00DB1300050A10 /* PBXContainerItemProxy */;
		};
		17FA8D3B2D00DB1300050A10 /* PBXTargetDependency */ = {
			isa = PBXTargetDependency;
			target = 17FA8D182D00DB1100050A10 /* Learn Connect */;
			targetProxy = 17FA8D3A2D00DB1300050A10 /* PBXContainerItemProxy */;
		};
/* End PBXTargetDependency section */

/* Begin PBXVariantGroup section */
		17FA8D222D00DB1100050A10 /* Main.storyboard */ = {
			isa = PBXVariantGroup;
			children = (
				17FA8D232D00DB1100050A10 /* Base */,
			);
			name = Main.storyboard;
			sourceTree = "<group>";
		};
		17FA8D272D00DB1200050A10 /* LaunchScreen.storyboard */ = {
			isa = PBXVariantGroup;
			children = (
				17FA8D282D00DB1200050A10 /* Base */,
			);
			name = LaunchScreen.storyboard;
			sourceTree = "<group>";
		};
/* End PBXVariantGroup section */

/* Begin XCBuildConfiguration section */
		17FA8D412D00DB1300050A10 /* Debug */ = {
			isa = XCBuildConfiguration;
			buildSettings = {
				ALWAYS_SEARCH_USER_PATHS = NO;
				ASSETCATALOG_COMPILER_GENERATE_SWIFT_ASSET_SYMBOL_EXTENSIONS = YES;
				CLANG_ANALYZER_NONNULL = YES;
				CLANG_ANALYZER_NUMBER_OBJECT_CONVERSION = YES_AGGRESSIVE;
				CLANG_CXX_LANGUAGE_STANDARD = "gnu++20";
				CLANG_ENABLE_MODULES = YES;
				CLANG_ENABLE_OBJC_ARC = YES;
				CLANG_ENABLE_OBJC_WEAK = YES;
				CLANG_WARN_BLOCK_CAPTURE_AUTORELEASING = YES;
				CLANG_WARN_BOOL_CONVERSION = YES;
				CLANG_WARN_COMMA = YES;
				CLANG_WARN_CONSTANT_CONVERSION = YES;
				CLANG_WARN_DEPRECATED_OBJC_IMPLEMENTATIONS = YES;
				CLANG_WARN_DIRECT_OBJC_ISA_USAGE = YES_ERROR;
				CLANG_WARN_DOCUMENTATION_COMMENTS = YES;
				CLANG_WARN_EMPTY_BODY = YES;
				CLANG_WARN_ENUM_CONVERSION = YES;
				CLANG_WARN_INFINITE_RECURSION = YES;
				CLANG_WARN_INT_CONVERSION = YES;
				CLANG_WARN_NON_LITERAL_NULL_CONVERSION = YES;
				CLANG_WARN_OBJC_IMPLICIT_RETAIN_SELF = YES;
				CLANG_WARN_OBJC_LITERAL_CONVERSION = YES;
				CLANG_WARN_OBJC_ROOT_CLASS = YES_ERROR;
				CLANG_WARN_QUOTED_INCLUDE_IN_FRAMEWORK_HEADER = YES;
				CLANG_WARN_RANGE_LOOP_ANALYSIS = YES;
				CLANG_WARN_STRICT_PROTOTYPES = YES;
				CLANG_WARN_SUSPICIOUS_MOVE = YES;
				CLANG_WARN_UNGUARDED_AVAILABILITY = YES_AGGRESSIVE;
				CLANG_WARN_UNREACHABLE_CODE = YES;
				CLANG_WARN__DUPLICATE_METHOD_MATCH = YES;
				COPY_PHASE_STRIP = NO;
				DEBUG_INFORMATION_FORMAT = dwarf;
				ENABLE_STRICT_OBJC_MSGSEND = YES;
				ENABLE_TESTABILITY = YES;
				ENABLE_USER_SCRIPT_SANDBOXING = YES;
				GCC_C_LANGUAGE_STANDARD = gnu17;
				GCC_DYNAMIC_NO_PIC = NO;
				GCC_NO_COMMON_BLOCKS = YES;
				GCC_OPTIMIZATION_LEVEL = 0;
				GCC_PREPROCESSOR_DEFINITIONS = (
					"DEBUG=1",
					"$(inherited)",
				);
				GCC_WARN_64_TO_32_BIT_CONVERSION = YES;
				GCC_WARN_ABOUT_RETURN_TYPE = YES_ERROR;
				GCC_WARN_UNDECLARED_SELECTOR = YES;
				GCC_WARN_UNINITIALIZED_AUTOS = YES_AGGRESSIVE;
				GCC_WARN_UNUSED_FUNCTION = YES;
				GCC_WARN_UNUSED_VARIABLE = YES;
				IPHONEOS_DEPLOYMENT_TARGET = 17.2;
				LOCALIZATION_PREFERS_STRING_CATALOGS = YES;
				MTL_ENABLE_DEBUG_INFO = INCLUDE_SOURCE;
				MTL_FAST_MATH = YES;
				ONLY_ACTIVE_ARCH = YES;
				SDKROOT = iphoneos;
				SWIFT_ACTIVE_COMPILATION_CONDITIONS = "DEBUG $(inherited)";
				SWIFT_OBJC_BRIDGING_HEADER = "Learn Connect/Learn Connect-Bridging-Header.h\n";
				SWIFT_OPTIMIZATION_LEVEL = "-Onone";
			};
			name = Debug;
		};
		17FA8D422D00DB1300050A10 /* Release */ = {
			isa = XCBuildConfiguration;
			buildSettings = {
				ALWAYS_SEARCH_USER_PATHS = NO;
				ASSETCATALOG_COMPILER_GENERATE_SWIFT_ASSET_SYMBOL_EXTENSIONS = YES;
				CLANG_ANALYZER_NONNULL = YES;
				CLANG_ANALYZER_NUMBER_OBJECT_CONVERSION = YES_AGGRESSIVE;
				CLANG_CXX_LANGUAGE_STANDARD = "gnu++20";
				CLANG_ENABLE_MODULES = YES;
				CLANG_ENABLE_OBJC_ARC = YES;
				CLANG_ENABLE_OBJC_WEAK = YES;
				CLANG_WARN_BLOCK_CAPTURE_AUTORELEASING = YES;
				CLANG_WARN_BOOL_CONVERSION = YES;
				CLANG_WARN_COMMA = YES;
				CLANG_WARN_CONSTANT_CONVERSION = YES;
				CLANG_WARN_DEPRECATED_OBJC_IMPLEMENTATIONS = YES;
				CLANG_WARN_DIRECT_OBJC_ISA_USAGE = YES_ERROR;
				CLANG_WARN_DOCUMENTATION_COMMENTS = YES;
				CLANG_WARN_EMPTY_BODY = YES;
				CLANG_WARN_ENUM_CONVERSION = YES;
				CLANG_WARN_INFINITE_RECURSION = YES;
				CLANG_WARN_INT_CONVERSION = YES;
				CLANG_WARN_NON_LITERAL_NULL_CONVERSION = YES;
				CLANG_WARN_OBJC_IMPLICIT_RETAIN_SELF = YES;
				CLANG_WARN_OBJC_LITERAL_CONVERSION = YES;
				CLANG_WARN_OBJC_ROOT_CLASS = YES_ERROR;
				CLANG_WARN_QUOTED_INCLUDE_IN_FRAMEWORK_HEADER = YES;
				CLANG_WARN_RANGE_LOOP_ANALYSIS = YES;
				CLANG_WARN_STRICT_PROTOTYPES = YES;
				CLANG_WARN_SUSPICIOUS_MOVE = YES;
				CLANG_WARN_UNGUARDED_AVAILABILITY = YES_AGGRESSIVE;
				CLANG_WARN_UNREACHABLE_CODE = YES;
				CLANG_WARN__DUPLICATE_METHOD_MATCH = YES;
				COPY_PHASE_STRIP = NO;
				DEBUG_INFORMATION_FORMAT = "dwarf-with-dsym";
				ENABLE_NS_ASSERTIONS = NO;
				ENABLE_STRICT_OBJC_MSGSEND = YES;
				ENABLE_USER_SCRIPT_SANDBOXING = YES;
				GCC_C_LANGUAGE_STANDARD = gnu17;
				GCC_NO_COMMON_BLOCKS = YES;
				GCC_WARN_64_TO_32_BIT_CONVERSION = YES;
				GCC_WARN_ABOUT_RETURN_TYPE = YES_ERROR;
				GCC_WARN_UNDECLARED_SELECTOR = YES;
				GCC_WARN_UNINITIALIZED_AUTOS = YES_AGGRESSIVE;
				GCC_WARN_UNUSED_FUNCTION = YES;
				GCC_WARN_UNUSED_VARIABLE = YES;
				IPHONEOS_DEPLOYMENT_TARGET = 17.2;
				LOCALIZATION_PREFERS_STRING_CATALOGS = YES;
				MTL_ENABLE_DEBUG_INFO = NO;
				MTL_FAST_MATH = YES;
				SDKROOT = iphoneos;
				SWIFT_COMPILATION_MODE = wholemodule;
				SWIFT_OBJC_BRIDGING_HEADER = "Learn Connect/Learn Connect-Bridging-Header.h\n";
				VALIDATE_PRODUCT = YES;
			};
			name = Release;
		};
		17FA8D442D00DB1300050A10 /* Debug */ = {
			isa = XCBuildConfiguration;
			buildSettings = {
				ASSETCATALOG_COMPILER_APPICON_NAME = AppIcon;
				ASSETCATALOG_COMPILER_GLOBAL_ACCENT_COLOR_NAME = AccentColor;
				CLANG_ENABLE_MODULES = YES;
				CODE_SIGN_STYLE = Automatic;
				CURRENT_PROJECT_VERSION = 1;
				DEVELOPMENT_TEAM = DHW3U468H5;
				GENERATE_INFOPLIST_FILE = YES;
				INFOPLIST_FILE = "Learn Connect/Info.plist";
				INFOPLIST_KEY_UIApplicationSupportsIndirectInputEvents = YES;
				INFOPLIST_KEY_UILaunchStoryboardName = LaunchScreen;
				INFOPLIST_KEY_UIMainStoryboardFile = Main;
				INFOPLIST_KEY_UISupportedInterfaceOrientations = "UIInterfaceOrientationLandscapeLeft UIInterfaceOrientationLandscapeRight UIInterfaceOrientationPortrait";
				INFOPLIST_KEY_UISupportedInterfaceOrientations_iPad = "UIInterfaceOrientationLandscapeLeft UIInterfaceOrientationLandscapeRight UIInterfaceOrientationPortrait UIInterfaceOrientationPortraitUpsideDown";
				IPHONEOS_DEPLOYMENT_TARGET = 15.0;
				LD_RUNPATH_SEARCH_PATHS = (
					"$(inherited)",
					"@executable_path/Frameworks",
				);
				MARKETING_VERSION = 1.0;
				PRODUCT_BUNDLE_IDENTIFIER = "sariomer.Learn-Connect";
				PRODUCT_NAME = "$(TARGET_NAME)";
				SUPPORTED_PLATFORMS = "iphoneos iphonesimulator";
				SUPPORTS_MACCATALYST = NO;
				SWIFT_EMIT_LOC_STRINGS = YES;
				SWIFT_OBJC_BRIDGING_HEADER = "Learn Connect/Learn Connect-Bridging-Header.h";
				SWIFT_OPTIMIZATION_LEVEL = "-Onone";
				SWIFT_VERSION = 5.0;
				TARGETED_DEVICE_FAMILY = 1;
			};
			name = Debug;
		};
		17FA8D452D00DB1300050A10 /* Release */ = {
			isa = XCBuildConfiguration;
			buildSettings = {
				ASSETCATALOG_COMPILER_APPICON_NAME = AppIcon;
				ASSETCATALOG_COMPILER_GLOBAL_ACCENT_COLOR_NAME = AccentColor;
				CLANG_ENABLE_MODULES = YES;
				CODE_SIGN_STYLE = Automatic;
				CURRENT_PROJECT_VERSION = 1;
				DEVELOPMENT_TEAM = DHW3U468H5;
				GENERATE_INFOPLIST_FILE = YES;
				INFOPLIST_FILE = "Learn Connect/Info.plist";
				INFOPLIST_KEY_UIApplicationSupportsIndirectInputEvents = YES;
				INFOPLIST_KEY_UILaunchStoryboardName = LaunchScreen;
				INFOPLIST_KEY_UIMainStoryboardFile = Main;
				INFOPLIST_KEY_UISupportedInterfaceOrientations = "UIInterfaceOrientationLandscapeLeft UIInterfaceOrientationLandscapeRight UIInterfaceOrientationPortrait";
				INFOPLIST_KEY_UISupportedInterfaceOrientations_iPad = "UIInterfaceOrientationLandscapeLeft UIInterfaceOrientationLandscapeRight UIInterfaceOrientationPortrait UIInterfaceOrientationPortraitUpsideDown";
				IPHONEOS_DEPLOYMENT_TARGET = 15.0;
				LD_RUNPATH_SEARCH_PATHS = (
					"$(inherited)",
					"@executable_path/Frameworks",
				);
				MARKETING_VERSION = 1.0;
				PRODUCT_BUNDLE_IDENTIFIER = "sariomer.Learn-Connect";
				PRODUCT_NAME = "$(TARGET_NAME)";
				SUPPORTED_PLATFORMS = "iphoneos iphonesimulator";
				SUPPORTS_MACCATALYST = NO;
				SWIFT_EMIT_LOC_STRINGS = YES;
				SWIFT_OBJC_BRIDGING_HEADER = "Learn Connect/Learn Connect-Bridging-Header.h";
				SWIFT_VERSION = 5.0;
				TARGETED_DEVICE_FAMILY = 1;
			};
			name = Release;
		};
		17FA8D472D00DB1300050A10 /* Debug */ = {
			isa = XCBuildConfiguration;
			buildSettings = {
				ALWAYS_EMBED_SWIFT_STANDARD_LIBRARIES = YES;
				BUNDLE_LOADER = "$(TEST_HOST)";
				CLANG_ENABLE_MODULES = YES;
				CODE_SIGN_STYLE = Automatic;
				CURRENT_PROJECT_VERSION = 1;
				DEVELOPMENT_TEAM = DHW3U468H5;
				GENERATE_INFOPLIST_FILE = YES;
				IPHONEOS_DEPLOYMENT_TARGET = 17.2;
				MARKETING_VERSION = 1.0;
				PRODUCT_BUNDLE_IDENTIFIER = "sariomer.Learn-ConnectTests";
				PRODUCT_NAME = "$(TARGET_NAME)";
				SWIFT_EMIT_LOC_STRINGS = NO;
				SWIFT_OBJC_BRIDGING_HEADER = "Learn Connect/Learn ConnectTests-Bridging-Header.h";
				SWIFT_OPTIMIZATION_LEVEL = "-Onone";
				SWIFT_VERSION = 5.0;
				TARGETED_DEVICE_FAMILY = "1,2";
				TEST_HOST = "$(BUILT_PRODUCTS_DIR)/Learn Connect.app/$(BUNDLE_EXECUTABLE_FOLDER_PATH)/Learn Connect";
			};
			name = Debug;
		};
		17FA8D482D00DB1300050A10 /* Release */ = {
			isa = XCBuildConfiguration;
			buildSettings = {
				ALWAYS_EMBED_SWIFT_STANDARD_LIBRARIES = YES;
				BUNDLE_LOADER = "$(TEST_HOST)";
				CLANG_ENABLE_MODULES = YES;
				CODE_SIGN_STYLE = Automatic;
				CURRENT_PROJECT_VERSION = 1;
				DEVELOPMENT_TEAM = DHW3U468H5;
				GENERATE_INFOPLIST_FILE = YES;
				IPHONEOS_DEPLOYMENT_TARGET = 17.2;
				MARKETING_VERSION = 1.0;
				PRODUCT_BUNDLE_IDENTIFIER = "sariomer.Learn-ConnectTests";
				PRODUCT_NAME = "$(TARGET_NAME)";
				SWIFT_EMIT_LOC_STRINGS = NO;
				SWIFT_OBJC_BRIDGING_HEADER = "Learn Connect/Learn ConnectTests-Bridging-Header.h";
				SWIFT_VERSION = 5.0;
				TARGETED_DEVICE_FAMILY = "1,2";
				TEST_HOST = "$(BUILT_PRODUCTS_DIR)/Learn Connect.app/$(BUNDLE_EXECUTABLE_FOLDER_PATH)/Learn Connect";
			};
			name = Release;
		};
		17FA8D4A2D00DB1300050A10 /* Debug */ = {
			isa = XCBuildConfiguration;
			buildSettings = {
				ALWAYS_EMBED_SWIFT_STANDARD_LIBRARIES = YES;
				CODE_SIGN_STYLE = Automatic;
				CURRENT_PROJECT_VERSION = 1;
				DEVELOPMENT_TEAM = DHW3U468H5;
				GENERATE_INFOPLIST_FILE = YES;
				MARKETING_VERSION = 1.0;
				PRODUCT_BUNDLE_IDENTIFIER = "sariomer.Learn-ConnectUITests";
				PRODUCT_NAME = "$(TARGET_NAME)";
				SWIFT_EMIT_LOC_STRINGS = NO;
				SWIFT_VERSION = 5.0;
				TARGETED_DEVICE_FAMILY = "1,2";
				TEST_TARGET_NAME = "Learn Connect";
			};
			name = Debug;
		};
		17FA8D4B2D00DB1300050A10 /* Release */ = {
			isa = XCBuildConfiguration;
			buildSettings = {
				ALWAYS_EMBED_SWIFT_STANDARD_LIBRARIES = YES;
				CODE_SIGN_STYLE = Automatic;
				CURRENT_PROJECT_VERSION = 1;
				DEVELOPMENT_TEAM = DHW3U468H5;
				GENERATE_INFOPLIST_FILE = YES;
				MARKETING_VERSION = 1.0;
				PRODUCT_BUNDLE_IDENTIFIER = "sariomer.Learn-ConnectUITests";
				PRODUCT_NAME = "$(TARGET_NAME)";
				SWIFT_EMIT_LOC_STRINGS = NO;
				SWIFT_VERSION = 5.0;
				TARGETED_DEVICE_FAMILY = "1,2";
				TEST_TARGET_NAME = "Learn Connect";
			};
			name = Release;
		};
/* End XCBuildConfiguration section */

/* Begin XCConfigurationList section */
		17FA8D142D00DB1100050A10 /* Build configuration list for PBXProject "Learn Connect" */ = {
			isa = XCConfigurationList;
			buildConfigurations = (
				17FA8D412D00DB1300050A10 /* Debug */,
				17FA8D422D00DB1300050A10 /* Release */,
			);
			defaultConfigurationIsVisible = 0;
			defaultConfigurationName = Release;
		};
		17FA8D432D00DB1300050A10 /* Build configuration list for PBXNativeTarget "Learn Connect" */ = {
			isa = XCConfigurationList;
			buildConfigurations = (
				17FA8D442D00DB1300050A10 /* Debug */,
				17FA8D452D00DB1300050A10 /* Release */,
			);
			defaultConfigurationIsVisible = 0;
			defaultConfigurationName = Release;
		};
		17FA8D462D00DB1300050A10 /* Build configuration list for PBXNativeTarget "Learn ConnectTests" */ = {
			isa = XCConfigurationList;
			buildConfigurations = (
				17FA8D472D00DB1300050A10 /* Debug */,
				17FA8D482D00DB1300050A10 /* Release */,
			);
			defaultConfigurationIsVisible = 0;
			defaultConfigurationName = Release;
		};
		17FA8D492D00DB1300050A10 /* Build configuration list for PBXNativeTarget "Learn ConnectUITests" */ = {
			isa = XCConfigurationList;
			buildConfigurations = (
				17FA8D4A2D00DB1300050A10 /* Debug */,
				17FA8D4B2D00DB1300050A10 /* Release */,
			);
			defaultConfigurationIsVisible = 0;
			defaultConfigurationName = Release;
		};
/* End XCConfigurationList section */

/* Begin XCRemoteSwiftPackageReference section */
		179523EA2D0439A800A1A973 /* XCRemoteSwiftPackageReference "SQLite.swift" */ = {
			isa = XCRemoteSwiftPackageReference;
			repositoryURL = "https://github.com/stephencelis/SQLite.swift.git";
			requirement = {
				kind = upToNextMajorVersion;
				minimumVersion = 0.15.3;
			};
		};
/* End XCRemoteSwiftPackageReference section */

/* Begin XCSwiftPackageProductDependency section */
		179523EB2D0439A800A1A973 /* SQLite */ = {
			isa = XCSwiftPackageProductDependency;
			package = 179523EA2D0439A800A1A973 /* XCRemoteSwiftPackageReference "SQLite.swift" */;
			productName = SQLite;
		};
/* End XCSwiftPackageProductDependency section */
	};
	rootObject = 17FA8D112D00DB1100050A10 /* Project object */;
}
